// !$*UTF8*$!
{
	archiveVersion = 1;
	classes = {
	};
	objectVersion = 52;
	objects = {

/* Begin PBXBuildFile section */
		620F1D3B24F0DB9B002ED39E /* CueSheetInfoView+Extension.swift in Sources */ = {isa = PBXBuildFile; fileRef = 620F1D3A24F0DB9B002ED39E /* CueSheetInfoView+Extension.swift */; };
		62591A7F24E93BF2006E05C0 /* CueSheetInfoViewModel.swift in Sources */ = {isa = PBXBuildFile; fileRef = 62591A7E24E93BF2006E05C0 /* CueSheetInfoViewModel.swift */; };
		62591A8224E93C41006E05C0 /* CueSheetListInfoView.swift in Sources */ = {isa = PBXBuildFile; fileRef = 62591A8124E93C41006E05C0 /* CueSheetListInfoView.swift */; };
		62591A8524E94036006E05C0 /* CueInfoNavigationBarLeading.swift in Sources */ = {isa = PBXBuildFile; fileRef = 62591A8424E94036006E05C0 /* CueInfoNavigationBarLeading.swift */; };
		62591A8724E9404E006E05C0 /* CueInfoNavigationBarTrailling.swift in Sources */ = {isa = PBXBuildFile; fileRef = 62591A8624E9404E006E05C0 /* CueInfoNavigationBarTrailling.swift */; };
		626EC75524EF7495002EEC82 /* CueSheetListInfoViewModel.swift in Sources */ = {isa = PBXBuildFile; fileRef = 626EC75424EF7495002EEC82 /* CueSheetListInfoViewModel.swift */; };
		627BD04324F0E6DD00AEEAB6 /* CueDetailListInfoDescriptionSection.swift in Sources */ = {isa = PBXBuildFile; fileRef = 627BD04224F0E6DD00AEEAB6 /* CueDetailListInfoDescriptionSection.swift */; };
		627BD04524F0E70600AEEAB6 /* CueDetailListInfoRemSection.swift in Sources */ = {isa = PBXBuildFile; fileRef = 627BD04424F0E70600AEEAB6 /* CueDetailListInfoRemSection.swift */; };
		627BD04824F0E76600AEEAB6 /* CueDetailListInfoTimeSection.swift in Sources */ = {isa = PBXBuildFile; fileRef = 627BD04724F0E76600AEEAB6 /* CueDetailListInfoTimeSection.swift */; };
		627BD04A24F0E89800AEEAB6 /* CueDetailTrackView+Extension.swift in Sources */ = {isa = PBXBuildFile; fileRef = 627BD04924F0E89800AEEAB6 /* CueDetailTrackView+Extension.swift */; };
		627BE2D024E24CCD006F979C /* AppDelegate.swift in Sources */ = {isa = PBXBuildFile; fileRef = 627BE2CF24E24CCD006F979C /* AppDelegate.swift */; };
		627BE2D224E24CCD006F979C /* SceneDelegate.swift in Sources */ = {isa = PBXBuildFile; fileRef = 627BE2D124E24CCD006F979C /* SceneDelegate.swift */; };
		627BE2D424E24CCD006F979C /* ContentView.swift in Sources */ = {isa = PBXBuildFile; fileRef = 627BE2D324E24CCD006F979C /* ContentView.swift */; };
		627BE2D624E24CCE006F979C /* Assets.xcassets in Resources */ = {isa = PBXBuildFile; fileRef = 627BE2D524E24CCE006F979C /* Assets.xcassets */; };
		627BE2D924E24CCE006F979C /* Preview Assets.xcassets in Resources */ = {isa = PBXBuildFile; fileRef = 627BE2D824E24CCE006F979C /* Preview Assets.xcassets */; };
		627BE2DC24E24CCE006F979C /* LaunchScreen.storyboard in Resources */ = {isa = PBXBuildFile; fileRef = 627BE2DA24E24CCE006F979C /* LaunchScreen.storyboard */; };
		627BE2E724E24CCE006F979C /* Audio2TagTests.swift in Sources */ = {isa = PBXBuildFile; fileRef = 627BE2E624E24CCE006F979C /* Audio2TagTests.swift */; };
		627BE2F224E24CCE006F979C /* Audio2TagUITests.swift in Sources */ = {isa = PBXBuildFile; fileRef = 627BE2F124E24CCE006F979C /* Audio2TagUITests.swift */; };
		627BE32024E24E11006F979C /* IOS_DocumentPicker.swift in Sources */ = {isa = PBXBuildFile; fileRef = 627BE30224E24E11006F979C /* IOS_DocumentPicker.swift */; };
		627BE32124E24E11006F979C /* FileView.swift in Sources */ = {isa = PBXBuildFile; fileRef = 627BE30424E24E11006F979C /* FileView.swift */; };
		627BE32224E24E11006F979C /* iOS_SplitMusicView.swift in Sources */ = {isa = PBXBuildFile; fileRef = 627BE30724E24E11006F979C /* iOS_SplitMusicView.swift */; };
		627BE32324E24E11006F979C /* SplitMusicModel.swift in Sources */ = {isa = PBXBuildFile; fileRef = 627BE30824E24E11006F979C /* SplitMusicModel.swift */; };
		627BE32424E24E11006F979C /* ProgressBar.swift in Sources */ = {isa = PBXBuildFile; fileRef = 627BE30A24E24E11006F979C /* ProgressBar.swift */; };
		627BE32524E24E11006F979C /* SplitMusicCell.swift in Sources */ = {isa = PBXBuildFile; fileRef = 627BE30C24E24E11006F979C /* SplitMusicCell.swift */; };
		627BE32624E24E11006F979C /* AVAudioSpliter.swift in Sources */ = {isa = PBXBuildFile; fileRef = 627BE30E24E24E11006F979C /* AVAudioSpliter.swift */; };
		627BE32724E24E11006F979C /* CueSheetInfoView.swift in Sources */ = {isa = PBXBuildFile; fileRef = 627BE31024E24E11006F979C /* CueSheetInfoView.swift */; };
		627BE32824E24E11006F979C /* CueDetailTrackViewModel.swift in Sources */ = {isa = PBXBuildFile; fileRef = 627BE31224E24E11006F979C /* CueDetailTrackViewModel.swift */; };
		627BE32924E24E11006F979C /* CueDetailTrackView.swift in Sources */ = {isa = PBXBuildFile; fileRef = 627BE31324E24E11006F979C /* CueDetailTrackView.swift */; };
		627BE32A24E24E11006F979C /* CueMainViewModel.swift in Sources */ = {isa = PBXBuildFile; fileRef = 627BE31524E24E11006F979C /* CueMainViewModel.swift */; };
		627BE32B24E24E11006F979C /* CueMainModel.swift in Sources */ = {isa = PBXBuildFile; fileRef = 627BE31624E24E11006F979C /* CueMainModel.swift */; };
		627BE32C24E24E11006F979C /* CueMainView.swift in Sources */ = {isa = PBXBuildFile; fileRef = 627BE31724E24E11006F979C /* CueMainView.swift */; };
		627BE32D24E24E11006F979C /* SettingView.swift in Sources */ = {isa = PBXBuildFile; fileRef = 627BE31A24E24E11006F979C /* SettingView.swift */; };
		627BE32E24E24E11006F979C /* TagView.swift in Sources */ = {isa = PBXBuildFile; fileRef = 627BE31D24E24E11006F979C /* TagView.swift */; };
		627BE32F24E24E11006F979C /* cue.png in Resources */ = {isa = PBXBuildFile; fileRef = 627BE31F24E24E11006F979C /* cue.png */; };
		627BE33224E24E4A006F979C /* SwiftCueSheet in Frameworks */ = {isa = PBXBuildFile; productRef = 627BE33124E24E4A006F979C /* SwiftCueSheet */; };
		627BE33424E251FE006F979C /* macOS_DocumentPicker.swift in Sources */ = {isa = PBXBuildFile; fileRef = 627BE33324E251FE006F979C /* macOS_DocumentPicker.swift */; };
		62A6499924EC054D004C3D84 /* macOS_SplitMusicView.swift in Sources */ = {isa = PBXBuildFile; fileRef = 62A6499824EC054D004C3D84 /* macOS_SplitMusicView.swift */; };
/* End PBXBuildFile section */

/* Begin PBXContainerItemProxy section */
		627BE2E324E24CCE006F979C /* PBXContainerItemProxy */ = {
			isa = PBXContainerItemProxy;
			containerPortal = 627BE2C424E24CCD006F979C /* Project object */;
			proxyType = 1;
			remoteGlobalIDString = 627BE2CB24E24CCD006F979C;
			remoteInfo = Audio2Tag;
		};
		627BE2EE24E24CCE006F979C /* PBXContainerItemProxy */ = {
			isa = PBXContainerItemProxy;
			containerPortal = 627BE2C424E24CCD006F979C /* Project object */;
			proxyType = 1;
			remoteGlobalIDString = 627BE2CB24E24CCD006F979C;
			remoteInfo = Audio2Tag;
		};
/* End PBXContainerItemProxy section */

/* Begin PBXFileReference section */
		620F1D3A24F0DB9B002ED39E /* CueSheetInfoView+Extension.swift */ = {isa = PBXFileReference; lastKnownFileType = sourcecode.swift; path = "CueSheetInfoView+Extension.swift"; sourceTree = "<group>"; };
		62591A7E24E93BF2006E05C0 /* CueSheetInfoViewModel.swift */ = {isa = PBXFileReference; lastKnownFileType = sourcecode.swift; path = CueSheetInfoViewModel.swift; sourceTree = "<group>"; };
		62591A8124E93C41006E05C0 /* CueSheetListInfoView.swift */ = {isa = PBXFileReference; lastKnownFileType = sourcecode.swift; path = CueSheetListInfoView.swift; sourceTree = "<group>"; };
		62591A8424E94036006E05C0 /* CueInfoNavigationBarLeading.swift */ = {isa = PBXFileReference; lastKnownFileType = sourcecode.swift; path = CueInfoNavigationBarLeading.swift; sourceTree = "<group>"; };
		62591A8624E9404E006E05C0 /* CueInfoNavigationBarTrailling.swift */ = {isa = PBXFileReference; lastKnownFileType = sourcecode.swift; path = CueInfoNavigationBarTrailling.swift; sourceTree = "<group>"; };
		626EC75424EF7495002EEC82 /* CueSheetListInfoViewModel.swift */ = {isa = PBXFileReference; lastKnownFileType = sourcecode.swift; path = CueSheetListInfoViewModel.swift; sourceTree = "<group>"; };
		627BD04224F0E6DD00AEEAB6 /* CueDetailListInfoDescriptionSection.swift */ = {isa = PBXFileReference; lastKnownFileType = sourcecode.swift; path = CueDetailListInfoDescriptionSection.swift; sourceTree = "<group>"; };
		627BD04424F0E70600AEEAB6 /* CueDetailListInfoRemSection.swift */ = {isa = PBXFileReference; lastKnownFileType = sourcecode.swift; path = CueDetailListInfoRemSection.swift; sourceTree = "<group>"; };
		627BD04724F0E76600AEEAB6 /* CueDetailListInfoTimeSection.swift */ = {isa = PBXFileReference; lastKnownFileType = sourcecode.swift; path = CueDetailListInfoTimeSection.swift; sourceTree = "<group>"; };
		627BD04924F0E89800AEEAB6 /* CueDetailTrackView+Extension.swift */ = {isa = PBXFileReference; lastKnownFileType = sourcecode.swift; path = "CueDetailTrackView+Extension.swift"; sourceTree = "<group>"; };
		627BE2CC24E24CCD006F979C /* Audio2Tag.app */ = {isa = PBXFileReference; explicitFileType = wrapper.application; includeInIndex = 0; path = Audio2Tag.app; sourceTree = BUILT_PRODUCTS_DIR; };
		627BE2CF24E24CCD006F979C /* AppDelegate.swift */ = {isa = PBXFileReference; lastKnownFileType = sourcecode.swift; path = AppDelegate.swift; sourceTree = "<group>"; };
		627BE2D124E24CCD006F979C /* SceneDelegate.swift */ = {isa = PBXFileReference; lastKnownFileType = sourcecode.swift; path = SceneDelegate.swift; sourceTree = "<group>"; };
		627BE2D324E24CCD006F979C /* ContentView.swift */ = {isa = PBXFileReference; lastKnownFileType = sourcecode.swift; path = ContentView.swift; sourceTree = "<group>"; };
		627BE2D524E24CCE006F979C /* Assets.xcassets */ = {isa = PBXFileReference; lastKnownFileType = folder.assetcatalog; path = Assets.xcassets; sourceTree = "<group>"; };
		627BE2D824E24CCE006F979C /* Preview Assets.xcassets */ = {isa = PBXFileReference; lastKnownFileType = folder.assetcatalog; path = "Preview Assets.xcassets"; sourceTree = "<group>"; };
		627BE2DB24E24CCE006F979C /* Base */ = {isa = PBXFileReference; lastKnownFileType = file.storyboard; name = Base; path = Base.lproj/LaunchScreen.storyboard; sourceTree = "<group>"; };
		627BE2DD24E24CCE006F979C /* Info.plist */ = {isa = PBXFileReference; lastKnownFileType = text.plist.xml; path = Info.plist; sourceTree = "<group>"; };
		627BE2E224E24CCE006F979C /* Audio2TagTests.xctest */ = {isa = PBXFileReference; explicitFileType = wrapper.cfbundle; includeInIndex = 0; path = Audio2TagTests.xctest; sourceTree = BUILT_PRODUCTS_DIR; };
		627BE2E624E24CCE006F979C /* Audio2TagTests.swift */ = {isa = PBXFileReference; lastKnownFileType = sourcecode.swift; path = Audio2TagTests.swift; sourceTree = "<group>"; };
		627BE2E824E24CCE006F979C /* Info.plist */ = {isa = PBXFileReference; lastKnownFileType = text.plist.xml; path = Info.plist; sourceTree = "<group>"; };
		627BE2ED24E24CCE006F979C /* Audio2TagUITests.xctest */ = {isa = PBXFileReference; explicitFileType = wrapper.cfbundle; includeInIndex = 0; path = Audio2TagUITests.xctest; sourceTree = BUILT_PRODUCTS_DIR; };
		627BE2F124E24CCE006F979C /* Audio2TagUITests.swift */ = {isa = PBXFileReference; lastKnownFileType = sourcecode.swift; path = Audio2TagUITests.swift; sourceTree = "<group>"; };
		627BE2F324E24CCE006F979C /* Info.plist */ = {isa = PBXFileReference; lastKnownFileType = text.plist.xml; path = Info.plist; sourceTree = "<group>"; };
		627BE2FF24E24D8D006F979C /* Audio2Tag.entitlements */ = {isa = PBXFileReference; lastKnownFileType = text.plist.entitlements; path = Audio2Tag.entitlements; sourceTree = "<group>"; };
		627BE30224E24E11006F979C /* IOS_DocumentPicker.swift */ = {isa = PBXFileReference; fileEncoding = 4; lastKnownFileType = sourcecode.swift; path = IOS_DocumentPicker.swift; sourceTree = "<group>"; };
		627BE30424E24E11006F979C /* FileView.swift */ = {isa = PBXFileReference; fileEncoding = 4; lastKnownFileType = sourcecode.swift; path = FileView.swift; sourceTree = "<group>"; };
		627BE30724E24E11006F979C /* iOS_SplitMusicView.swift */ = {isa = PBXFileReference; fileEncoding = 4; lastKnownFileType = sourcecode.swift; path = iOS_SplitMusicView.swift; sourceTree = "<group>"; };
		627BE30824E24E11006F979C /* SplitMusicModel.swift */ = {isa = PBXFileReference; fileEncoding = 4; lastKnownFileType = sourcecode.swift; path = SplitMusicModel.swift; sourceTree = "<group>"; };
		627BE30A24E24E11006F979C /* ProgressBar.swift */ = {isa = PBXFileReference; fileEncoding = 4; lastKnownFileType = sourcecode.swift; path = ProgressBar.swift; sourceTree = "<group>"; };
		627BE30C24E24E11006F979C /* SplitMusicCell.swift */ = {isa = PBXFileReference; fileEncoding = 4; lastKnownFileType = sourcecode.swift; path = SplitMusicCell.swift; sourceTree = "<group>"; };
		627BE30E24E24E11006F979C /* AVAudioSpliter.swift */ = {isa = PBXFileReference; fileEncoding = 4; lastKnownFileType = sourcecode.swift; path = AVAudioSpliter.swift; sourceTree = "<group>"; };
		627BE31024E24E11006F979C /* CueSheetInfoView.swift */ = {isa = PBXFileReference; fileEncoding = 4; lastKnownFileType = sourcecode.swift; path = CueSheetInfoView.swift; sourceTree = "<group>"; };
		627BE31224E24E11006F979C /* CueDetailTrackViewModel.swift */ = {isa = PBXFileReference; fileEncoding = 4; lastKnownFileType = sourcecode.swift; path = CueDetailTrackViewModel.swift; sourceTree = "<group>"; };
		627BE31324E24E11006F979C /* CueDetailTrackView.swift */ = {isa = PBXFileReference; fileEncoding = 4; lastKnownFileType = sourcecode.swift; path = CueDetailTrackView.swift; sourceTree = "<group>"; };
		627BE31524E24E11006F979C /* CueMainViewModel.swift */ = {isa = PBXFileReference; fileEncoding = 4; lastKnownFileType = sourcecode.swift; path = CueMainViewModel.swift; sourceTree = "<group>"; };
		627BE31624E24E11006F979C /* CueMainModel.swift */ = {isa = PBXFileReference; fileEncoding = 4; lastKnownFileType = sourcecode.swift; path = CueMainModel.swift; sourceTree = "<group>"; };
		627BE31724E24E11006F979C /* CueMainView.swift */ = {isa = PBXFileReference; fileEncoding = 4; lastKnownFileType = sourcecode.swift; path = CueMainView.swift; sourceTree = "<group>"; };
		627BE31A24E24E11006F979C /* SettingView.swift */ = {isa = PBXFileReference; fileEncoding = 4; lastKnownFileType = sourcecode.swift; path = SettingView.swift; sourceTree = "<group>"; };
		627BE31D24E24E11006F979C /* TagView.swift */ = {isa = PBXFileReference; fileEncoding = 4; lastKnownFileType = sourcecode.swift; path = TagView.swift; sourceTree = "<group>"; };
		627BE31F24E24E11006F979C /* cue.png */ = {isa = PBXFileReference; lastKnownFileType = image.png; path = cue.png; sourceTree = "<group>"; };
		627BE33324E251FE006F979C /* macOS_DocumentPicker.swift */ = {isa = PBXFileReference; lastKnownFileType = sourcecode.swift; path = macOS_DocumentPicker.swift; sourceTree = "<group>"; };
		62A6499824EC054D004C3D84 /* macOS_SplitMusicView.swift */ = {isa = PBXFileReference; lastKnownFileType = sourcecode.swift; path = macOS_SplitMusicView.swift; sourceTree = "<group>"; };
/* End PBXFileReference section */

/* Begin PBXFrameworksBuildPhase section */
		627BE2C924E24CCD006F979C /* Frameworks */ = {
			isa = PBXFrameworksBuildPhase;
			buildActionMask = 2147483647;
			files = (
				627BE33224E24E4A006F979C /* SwiftCueSheet in Frameworks */,
			);
			runOnlyForDeploymentPostprocessing = 0;
		};
		627BE2DF24E24CCE006F979C /* Frameworks */ = {
			isa = PBXFrameworksBuildPhase;
			buildActionMask = 2147483647;
			files = (
			);
			runOnlyForDeploymentPostprocessing = 0;
		};
		627BE2EA24E24CCE006F979C /* Frameworks */ = {
			isa = PBXFrameworksBuildPhase;
			buildActionMask = 2147483647;
			files = (
			);
			runOnlyForDeploymentPostprocessing = 0;
		};
/* End PBXFrameworksBuildPhase section */

/* Begin PBXGroup section */
		62591A8024E93C20006E05C0 /* Info */ = {
			isa = PBXGroup;
			children = (
				627BD04024F0E4A200AEEAB6 /* Cell */,
				62591A8124E93C41006E05C0 /* CueSheetListInfoView.swift */,
				626EC75424EF7495002EEC82 /* CueSheetListInfoViewModel.swift */,
			);
			path = Info;
			sourceTree = "<group>";
		};
		62591A8324E9400F006E05C0 /* Navigation Bar Items */ = {
			isa = PBXGroup;
			children = (
				62591A8424E94036006E05C0 /* CueInfoNavigationBarLeading.swift */,
				62591A8624E9404E006E05C0 /* CueInfoNavigationBarTrailling.swift */,
			);
			path = "Navigation Bar Items";
			sourceTree = "<group>";
		};
		627BD04024F0E4A200AEEAB6 /* Cell */ = {
			isa = PBXGroup;
			children = (
			);
			path = Cell;
			sourceTree = "<group>";
		};
		627BD04124F0E68400AEEAB6 /* Section */ = {
			isa = PBXGroup;
			children = (
				627BD04224F0E6DD00AEEAB6 /* CueDetailListInfoDescriptionSection.swift */,
				627BD04424F0E70600AEEAB6 /* CueDetailListInfoRemSection.swift */,
				627BD04724F0E76600AEEAB6 /* CueDetailListInfoTimeSection.swift */,
			);
			path = Section;
			sourceTree = "<group>";
		};
		627BE2C324E24CCD006F979C = {
			isa = PBXGroup;
			children = (
				627BE2CE24E24CCD006F979C /* Audio2Tag */,
				627BE2E524E24CCE006F979C /* Audio2TagTests */,
				627BE2F024E24CCE006F979C /* Audio2TagUITests */,
				627BE2CD24E24CCD006F979C /* Products */,
			);
			sourceTree = "<group>";
		};
		627BE2CD24E24CCD006F979C /* Products */ = {
			isa = PBXGroup;
			children = (
				627BE2CC24E24CCD006F979C /* Audio2Tag.app */,
				627BE2E224E24CCE006F979C /* Audio2TagTests.xctest */,
				627BE2ED24E24CCE006F979C /* Audio2TagUITests.xctest */,
			);
			name = Products;
			sourceTree = "<group>";
		};
		627BE2CE24E24CCD006F979C /* Audio2Tag */ = {
			isa = PBXGroup;
			children = (
				627BE31E24E24E11006F979C /* Resources */,
				627BE30524E24E11006F979C /* Cue Manage */,
				627BE30024E24E11006F979C /* File Manage */,
				627BE31824E24E11006F979C /* Setting Manage */,
				627BE31B24E24E11006F979C /* Tag Manage */,
				627BE2FF24E24D8D006F979C /* Audio2Tag.entitlements */,
				627BE2CF24E24CCD006F979C /* AppDelegate.swift */,
				627BE2D124E24CCD006F979C /* SceneDelegate.swift */,
				627BE2D324E24CCD006F979C /* ContentView.swift */,
				627BE2D524E24CCE006F979C /* Assets.xcassets */,
				627BE2DA24E24CCE006F979C /* LaunchScreen.storyboard */,
				627BE2DD24E24CCE006F979C /* Info.plist */,
				627BE2D724E24CCE006F979C /* Preview Content */,
			);
			path = Audio2Tag;
			sourceTree = "<group>";
		};
		627BE2D724E24CCE006F979C /* Preview Content */ = {
			isa = PBXGroup;
			children = (
				627BE2D824E24CCE006F979C /* Preview Assets.xcassets */,
			);
			path = "Preview Content";
			sourceTree = "<group>";
		};
		627BE2E524E24CCE006F979C /* Audio2TagTests */ = {
			isa = PBXGroup;
			children = (
				627BE2E624E24CCE006F979C /* Audio2TagTests.swift */,
				627BE2E824E24CCE006F979C /* Info.plist */,
			);
			path = Audio2TagTests;
			sourceTree = "<group>";
		};
		627BE2F024E24CCE006F979C /* Audio2TagUITests */ = {
			isa = PBXGroup;
			children = (
				627BE2F124E24CCE006F979C /* Audio2TagUITests.swift */,
				627BE2F324E24CCE006F979C /* Info.plist */,
			);
			path = Audio2TagUITests;
			sourceTree = "<group>";
		};
		627BE30024E24E11006F979C /* File Manage */ = {
			isa = PBXGroup;
			children = (
				627BE30124E24E11006F979C /* Representation */,
				627BE30324E24E11006F979C /* View */,
			);
			path = "File Manage";
			sourceTree = "<group>";
		};
		627BE30124E24E11006F979C /* Representation */ = {
			isa = PBXGroup;
			children = (
				627BE30224E24E11006F979C /* IOS_DocumentPicker.swift */,
				627BE33324E251FE006F979C /* macOS_DocumentPicker.swift */,
			);
			path = Representation;
			sourceTree = "<group>";
		};
		627BE30324E24E11006F979C /* View */ = {
			isa = PBXGroup;
			children = (
				627BE30424E24E11006F979C /* FileView.swift */,
			);
			path = View;
			sourceTree = "<group>";
		};
		627BE30524E24E11006F979C /* Cue Manage */ = {
			isa = PBXGroup;
			children = (
				627BE30D24E24E11006F979C /* Library */,
				627BE31424E24E11006F979C /* Main */,
			);
			path = "Cue Manage";
			sourceTree = "<group>";
		};
		627BE30624E24E11006F979C /* Split Music */ = {
			isa = PBXGroup;
			children = (
				627BE30724E24E11006F979C /* iOS_SplitMusicView.swift */,
				62A6499824EC054D004C3D84 /* macOS_SplitMusicView.swift */,
				627BE30824E24E11006F979C /* SplitMusicModel.swift */,
				627BE30924E24E11006F979C /* ProgressBar */,
				627BE30B24E24E11006F979C /* Cell */,
			);
			path = "Split Music";
			sourceTree = "<group>";
		};
		627BE30924E24E11006F979C /* ProgressBar */ = {
			isa = PBXGroup;
			children = (
				627BE30A24E24E11006F979C /* ProgressBar.swift */,
			);
			path = ProgressBar;
			sourceTree = "<group>";
		};
		627BE30B24E24E11006F979C /* Cell */ = {
			isa = PBXGroup;
			children = (
				627BE30C24E24E11006F979C /* SplitMusicCell.swift */,
			);
			path = Cell;
			sourceTree = "<group>";
		};
		627BE30D24E24E11006F979C /* Library */ = {
			isa = PBXGroup;
			children = (
				627BE30E24E24E11006F979C /* AVAudioSpliter.swift */,
			);
			path = Library;
			sourceTree = "<group>";
		};
		627BE30F24E24E11006F979C /* Info */ = {
			isa = PBXGroup;
			children = (
				62EC0EF424EB8BB900F1CCC5 /* Main */,
				62591A8324E9400F006E05C0 /* Navigation Bar Items */,
				627BE31124E24E11006F979C /* Detail Track */,
				62591A8024E93C20006E05C0 /* Info */,
			);
			path = Info;
			sourceTree = "<group>";
		};
		627BE31124E24E11006F979C /* Detail Track */ = {
			isa = PBXGroup;
			children = (
				627BD04124F0E68400AEEAB6 /* Section */,
				627BE31324E24E11006F979C /* CueDetailTrackView.swift */,
				627BE31224E24E11006F979C /* CueDetailTrackViewModel.swift */,
				627BD04924F0E89800AEEAB6 /* CueDetailTrackView+Extension.swift */,
			);
			path = "Detail Track";
			sourceTree = "<group>";
		};
		627BE31424E24E11006F979C /* Main */ = {
			isa = PBXGroup;
			children = (
				627BE30624E24E11006F979C /* Split Music */,
				627BE30F24E24E11006F979C /* Info */,
				627BE31724E24E11006F979C /* CueMainView.swift */,
				627BE31524E24E11006F979C /* CueMainViewModel.swift */,
				627BE31624E24E11006F979C /* CueMainModel.swift */,
			);
			path = Main;
			sourceTree = "<group>";
		};
		627BE31824E24E11006F979C /* Setting Manage */ = {
			isa = PBXGroup;
			children = (
				627BE31924E24E11006F979C /* View */,
			);
			path = "Setting Manage";
			sourceTree = "<group>";
		};
		627BE31924E24E11006F979C /* View */ = {
			isa = PBXGroup;
			children = (
				627BE31A24E24E11006F979C /* SettingView.swift */,
			);
			path = View;
			sourceTree = "<group>";
		};
		627BE31B24E24E11006F979C /* Tag Manage */ = {
			isa = PBXGroup;
			children = (
				627BE31C24E24E11006F979C /* View */,
			);
			path = "Tag Manage";
			sourceTree = "<group>";
		};
		627BE31C24E24E11006F979C /* View */ = {
			isa = PBXGroup;
			children = (
				627BE31D24E24E11006F979C /* TagView.swift */,
			);
			path = View;
			sourceTree = "<group>";
		};
		627BE31E24E24E11006F979C /* Resources */ = {
			isa = PBXGroup;
			children = (
				627BE31F24E24E11006F979C /* cue.png */,
			);
			path = Resources;
			sourceTree = "<group>";
		};
		62EC0EF424EB8BB900F1CCC5 /* Main */ = {
			isa = PBXGroup;
			children = (
				627BE31024E24E11006F979C /* CueSheetInfoView.swift */,
				62591A7E24E93BF2006E05C0 /* CueSheetInfoViewModel.swift */,
				620F1D3A24F0DB9B002ED39E /* CueSheetInfoView+Extension.swift */,
			);
			path = Main;
			sourceTree = "<group>";
		};
/* End PBXGroup section */

/* Begin PBXNativeTarget section */
		627BE2CB24E24CCD006F979C /* Audio2Tag */ = {
			isa = PBXNativeTarget;
			buildConfigurationList = 627BE2F624E24CCE006F979C /* Build configuration list for PBXNativeTarget "Audio2Tag" */;
			buildPhases = (
				627BE2C824E24CCD006F979C /* Sources */,
				627BE2C924E24CCD006F979C /* Frameworks */,
				627BE2CA24E24CCD006F979C /* Resources */,
			);
			buildRules = (
			);
			dependencies = (
			);
			name = Audio2Tag;
			packageProductDependencies = (
				627BE33124E24E4A006F979C /* SwiftCueSheet */,
			);
			productName = Audio2Tag;
			productReference = 627BE2CC24E24CCD006F979C /* Audio2Tag.app */;
			productType = "com.apple.product-type.application";
		};
		627BE2E124E24CCE006F979C /* Audio2TagTests */ = {
			isa = PBXNativeTarget;
			buildConfigurationList = 627BE2F924E24CCE006F979C /* Build configuration list for PBXNativeTarget "Audio2TagTests" */;
			buildPhases = (
				627BE2DE24E24CCE006F979C /* Sources */,
				627BE2DF24E24CCE006F979C /* Frameworks */,
				627BE2E024E24CCE006F979C /* Resources */,
			);
			buildRules = (
			);
			dependencies = (
				627BE2E424E24CCE006F979C /* PBXTargetDependency */,
			);
			name = Audio2TagTests;
			productName = Audio2TagTests;
			productReference = 627BE2E224E24CCE006F979C /* Audio2TagTests.xctest */;
			productType = "com.apple.product-type.bundle.unit-test";
		};
		627BE2EC24E24CCE006F979C /* Audio2TagUITests */ = {
			isa = PBXNativeTarget;
			buildConfigurationList = 627BE2FC24E24CCE006F979C /* Build configuration list for PBXNativeTarget "Audio2TagUITests" */;
			buildPhases = (
				627BE2E924E24CCE006F979C /* Sources */,
				627BE2EA24E24CCE006F979C /* Frameworks */,
				627BE2EB24E24CCE006F979C /* Resources */,
			);
			buildRules = (
			);
			dependencies = (
				627BE2EF24E24CCE006F979C /* PBXTargetDependency */,
			);
			name = Audio2TagUITests;
			productName = Audio2TagUITests;
			productReference = 627BE2ED24E24CCE006F979C /* Audio2TagUITests.xctest */;
			productType = "com.apple.product-type.bundle.ui-testing";
		};
/* End PBXNativeTarget section */

/* Begin PBXProject section */
		627BE2C424E24CCD006F979C /* Project object */ = {
			isa = PBXProject;
			attributes = {
				LastSwiftUpdateCheck = 1160;
				LastUpgradeCheck = 1200;
				ORGANIZATIONNAME = Aoikazto;
				TargetAttributes = {
					627BE2CB24E24CCD006F979C = {
						CreatedOnToolsVersion = 11.6;
					};
					627BE2E124E24CCE006F979C = {
						CreatedOnToolsVersion = 11.6;
						TestTargetID = 627BE2CB24E24CCD006F979C;
					};
					627BE2EC24E24CCE006F979C = {
						CreatedOnToolsVersion = 11.6;
						TestTargetID = 627BE2CB24E24CCD006F979C;
					};
				};
			};
			buildConfigurationList = 627BE2C724E24CCD006F979C /* Build configuration list for PBXProject "Audio2Tag" */;
			compatibilityVersion = "Xcode 9.3";
			developmentRegion = en;
			hasScannedForEncodings = 0;
			knownRegions = (
				en,
				Base,
			);
			mainGroup = 627BE2C324E24CCD006F979C;
			packageReferences = (
				627BE33024E24E4A006F979C /* XCRemoteSwiftPackageReference "SwiftCueSheet" */,
			);
			productRefGroup = 627BE2CD24E24CCD006F979C /* Products */;
			projectDirPath = "";
			projectRoot = "";
			targets = (
				627BE2CB24E24CCD006F979C /* Audio2Tag */,
				627BE2E124E24CCE006F979C /* Audio2TagTests */,
				627BE2EC24E24CCE006F979C /* Audio2TagUITests */,
			);
		};
/* End PBXProject section */

/* Begin PBXResourcesBuildPhase section */
		627BE2CA24E24CCD006F979C /* Resources */ = {
			isa = PBXResourcesBuildPhase;
			buildActionMask = 2147483647;
			files = (
				627BE2DC24E24CCE006F979C /* LaunchScreen.storyboard in Resources */,
				627BE2D924E24CCE006F979C /* Preview Assets.xcassets in Resources */,
				627BE2D624E24CCE006F979C /* Assets.xcassets in Resources */,
				627BE32F24E24E11006F979C /* cue.png in Resources */,
			);
			runOnlyForDeploymentPostprocessing = 0;
		};
		627BE2E024E24CCE006F979C /* Resources */ = {
			isa = PBXResourcesBuildPhase;
			buildActionMask = 2147483647;
			files = (
			);
			runOnlyForDeploymentPostprocessing = 0;
		};
		627BE2EB24E24CCE006F979C /* Resources */ = {
			isa = PBXResourcesBuildPhase;
			buildActionMask = 2147483647;
			files = (
			);
			runOnlyForDeploymentPostprocessing = 0;
		};
/* End PBXResourcesBuildPhase section */

/* Begin PBXSourcesBuildPhase section */
		627BE2C824E24CCD006F979C /* Sources */ = {
			isa = PBXSourcesBuildPhase;
			buildActionMask = 2147483647;
			files = (
				627BE32C24E24E11006F979C /* CueMainView.swift in Sources */,
				627BE32524E24E11006F979C /* SplitMusicCell.swift in Sources */,
				627BE32324E24E11006F979C /* SplitMusicModel.swift in Sources */,
				627BE2D024E24CCD006F979C /* AppDelegate.swift in Sources */,
				627BE32924E24E11006F979C /* CueDetailTrackView.swift in Sources */,
				627BE32624E24E11006F979C /* AVAudioSpliter.swift in Sources */,
				62591A8724E9404E006E05C0 /* CueInfoNavigationBarTrailling.swift in Sources */,
				62591A7F24E93BF2006E05C0 /* CueSheetInfoViewModel.swift in Sources */,
				627BE32224E24E11006F979C /* iOS_SplitMusicView.swift in Sources */,
				627BE32824E24E11006F979C /* CueDetailTrackViewModel.swift in Sources */,
				627BE32B24E24E11006F979C /* CueMainModel.swift in Sources */,
				627BE32D24E24E11006F979C /* SettingView.swift in Sources */,
				620F1D3B24F0DB9B002ED39E /* CueSheetInfoView+Extension.swift in Sources */,
				627BE2D224E24CCD006F979C /* SceneDelegate.swift in Sources */,
				627BE32024E24E11006F979C /* IOS_DocumentPicker.swift in Sources */,
				627BD04A24F0E89800AEEAB6 /* CueDetailTrackView+Extension.swift in Sources */,
				627BD04524F0E70600AEEAB6 /* CueDetailListInfoRemSection.swift in Sources */,
				627BE32124E24E11006F979C /* FileView.swift in Sources */,
				627BE32424E24E11006F979C /* ProgressBar.swift in Sources */,
				627BE2D424E24CCD006F979C /* ContentView.swift in Sources */,
				62591A8224E93C41006E05C0 /* CueSheetListInfoView.swift in Sources */,
				627BD04824F0E76600AEEAB6 /* CueDetailListInfoTimeSection.swift in Sources */,
				626EC75524EF7495002EEC82 /* CueSheetListInfoViewModel.swift in Sources */,
				627BE32A24E24E11006F979C /* CueMainViewModel.swift in Sources */,
				627BD04324F0E6DD00AEEAB6 /* CueDetailListInfoDescriptionSection.swift in Sources */,
				627BE32724E24E11006F979C /* CueSheetInfoView.swift in Sources */,
				627BE32E24E24E11006F979C /* TagView.swift in Sources */,
				62591A8524E94036006E05C0 /* CueInfoNavigationBarLeading.swift in Sources */,
				627BE33424E251FE006F979C /* macOS_DocumentPicker.swift in Sources */,
				62A6499924EC054D004C3D84 /* macOS_SplitMusicView.swift in Sources */,
			);
			runOnlyForDeploymentPostprocessing = 0;
		};
		627BE2DE24E24CCE006F979C /* Sources */ = {
			isa = PBXSourcesBuildPhase;
			buildActionMask = 2147483647;
			files = (
				627BE2E724E24CCE006F979C /* Audio2TagTests.swift in Sources */,
			);
			runOnlyForDeploymentPostprocessing = 0;
		};
		627BE2E924E24CCE006F979C /* Sources */ = {
			isa = PBXSourcesBuildPhase;
			buildActionMask = 2147483647;
			files = (
				627BE2F224E24CCE006F979C /* Audio2TagUITests.swift in Sources */,
			);
			runOnlyForDeploymentPostprocessing = 0;
		};
/* End PBXSourcesBuildPhase section */

/* Begin PBXTargetDependency section */
		627BE2E424E24CCE006F979C /* PBXTargetDependency */ = {
			isa = PBXTargetDependency;
			target = 627BE2CB24E24CCD006F979C /* Audio2Tag */;
			targetProxy = 627BE2E324E24CCE006F979C /* PBXContainerItemProxy */;
		};
		627BE2EF24E24CCE006F979C /* PBXTargetDependency */ = {
			isa = PBXTargetDependency;
			target = 627BE2CB24E24CCD006F979C /* Audio2Tag */;
			targetProxy = 627BE2EE24E24CCE006F979C /* PBXContainerItemProxy */;
		};
/* End PBXTargetDependency section */

/* Begin PBXVariantGroup section */
		627BE2DA24E24CCE006F979C /* LaunchScreen.storyboard */ = {
			isa = PBXVariantGroup;
			children = (
				627BE2DB24E24CCE006F979C /* Base */,
			);
			name = LaunchScreen.storyboard;
			sourceTree = "<group>";
		};
/* End PBXVariantGroup section */

/* Begin XCBuildConfiguration section */
		627BE2F424E24CCE006F979C /* Debug */ = {
			isa = XCBuildConfiguration;
			buildSettings = {
				ALWAYS_SEARCH_USER_PATHS = NO;
				CLANG_ANALYZER_NONNULL = YES;
				CLANG_ANALYZER_NUMBER_OBJECT_CONVERSION = YES_AGGRESSIVE;
				CLANG_CXX_LANGUAGE_STANDARD = "gnu++14";
				CLANG_CXX_LIBRARY = "libc++";
				CLANG_ENABLE_MODULES = YES;
				CLANG_ENABLE_OBJC_ARC = YES;
				CLANG_ENABLE_OBJC_WEAK = YES;
				CLANG_WARN_BLOCK_CAPTURE_AUTORELEASING = YES;
				CLANG_WARN_BOOL_CONVERSION = YES;
				CLANG_WARN_COMMA = YES;
				CLANG_WARN_CONSTANT_CONVERSION = YES;
				CLANG_WARN_DEPRECATED_OBJC_IMPLEMENTATIONS = YES;
				CLANG_WARN_DIRECT_OBJC_ISA_USAGE = YES_ERROR;
				CLANG_WARN_DOCUMENTATION_COMMENTS = YES;
				CLANG_WARN_EMPTY_BODY = YES;
				CLANG_WARN_ENUM_CONVERSION = YES;
				CLANG_WARN_INFINITE_RECURSION = YES;
				CLANG_WARN_INT_CONVERSION = YES;
				CLANG_WARN_NON_LITERAL_NULL_CONVERSION = YES;
				CLANG_WARN_OBJC_IMPLICIT_RETAIN_SELF = YES;
				CLANG_WARN_OBJC_LITERAL_CONVERSION = YES;
				CLANG_WARN_OBJC_ROOT_CLASS = YES_ERROR;
				CLANG_WARN_QUOTED_INCLUDE_IN_FRAMEWORK_HEADER = YES;
				CLANG_WARN_RANGE_LOOP_ANALYSIS = YES;
				CLANG_WARN_STRICT_PROTOTYPES = YES;
				CLANG_WARN_SUSPICIOUS_MOVE = YES;
				CLANG_WARN_UNGUARDED_AVAILABILITY = YES_AGGRESSIVE;
				CLANG_WARN_UNREACHABLE_CODE = YES;
				CLANG_WARN__DUPLICATE_METHOD_MATCH = YES;
				COPY_PHASE_STRIP = NO;
				DEBUG_INFORMATION_FORMAT = dwarf;
				ENABLE_STRICT_OBJC_MSGSEND = YES;
				ENABLE_TESTABILITY = YES;
				GCC_C_LANGUAGE_STANDARD = gnu11;
				GCC_DYNAMIC_NO_PIC = NO;
				GCC_NO_COMMON_BLOCKS = YES;
				GCC_OPTIMIZATION_LEVEL = 0;
				GCC_PREPROCESSOR_DEFINITIONS = (
					"DEBUG=1",
					"$(inherited)",
				);
				GCC_WARN_64_TO_32_BIT_CONVERSION = YES;
				GCC_WARN_ABOUT_RETURN_TYPE = YES_ERROR;
				GCC_WARN_UNDECLARED_SELECTOR = YES;
				GCC_WARN_UNINITIALIZED_AUTOS = YES_AGGRESSIVE;
				GCC_WARN_UNUSED_FUNCTION = YES;
				GCC_WARN_UNUSED_VARIABLE = YES;
				IPHONEOS_DEPLOYMENT_TARGET = 14.0;
				MTL_ENABLE_DEBUG_INFO = INCLUDE_SOURCE;
				MTL_FAST_MATH = YES;
				ONLY_ACTIVE_ARCH = YES;
				SDKROOT = iphoneos;
				SWIFT_ACTIVE_COMPILATION_CONDITIONS = DEBUG;
				SWIFT_OPTIMIZATION_LEVEL = "-Onone";
			};
			name = Debug;
		};
		627BE2F524E24CCE006F979C /* Release */ = {
			isa = XCBuildConfiguration;
			buildSettings = {
				ALWAYS_SEARCH_USER_PATHS = NO;
				CLANG_ANALYZER_NONNULL = YES;
				CLANG_ANALYZER_NUMBER_OBJECT_CONVERSION = YES_AGGRESSIVE;
				CLANG_CXX_LANGUAGE_STANDARD = "gnu++14";
				CLANG_CXX_LIBRARY = "libc++";
				CLANG_ENABLE_MODULES = YES;
				CLANG_ENABLE_OBJC_ARC = YES;
				CLANG_ENABLE_OBJC_WEAK = YES;
				CLANG_WARN_BLOCK_CAPTURE_AUTORELEASING = YES;
				CLANG_WARN_BOOL_CONVERSION = YES;
				CLANG_WARN_COMMA = YES;
				CLANG_WARN_CONSTANT_CONVERSION = YES;
				CLANG_WARN_DEPRECATED_OBJC_IMPLEMENTATIONS = YES;
				CLANG_WARN_DIRECT_OBJC_ISA_USAGE = YES_ERROR;
				CLANG_WARN_DOCUMENTATION_COMMENTS = YES;
				CLANG_WARN_EMPTY_BODY = YES;
				CLANG_WARN_ENUM_CONVERSION = YES;
				CLANG_WARN_INFINITE_RECURSION = YES;
				CLANG_WARN_INT_CONVERSION = YES;
				CLANG_WARN_NON_LITERAL_NULL_CONVERSION = YES;
				CLANG_WARN_OBJC_IMPLICIT_RETAIN_SELF = YES;
				CLANG_WARN_OBJC_LITERAL_CONVERSION = YES;
				CLANG_WARN_OBJC_ROOT_CLASS = YES_ERROR;
				CLANG_WARN_QUOTED_INCLUDE_IN_FRAMEWORK_HEADER = YES;
				CLANG_WARN_RANGE_LOOP_ANALYSIS = YES;
				CLANG_WARN_STRICT_PROTOTYPES = YES;
				CLANG_WARN_SUSPICIOUS_MOVE = YES;
				CLANG_WARN_UNGUARDED_AVAILABILITY = YES_AGGRESSIVE;
				CLANG_WARN_UNREACHABLE_CODE = YES;
				CLANG_WARN__DUPLICATE_METHOD_MATCH = YES;
				COPY_PHASE_STRIP = NO;
				DEBUG_INFORMATION_FORMAT = "dwarf-with-dsym";
				ENABLE_NS_ASSERTIONS = NO;
				ENABLE_STRICT_OBJC_MSGSEND = YES;
				GCC_C_LANGUAGE_STANDARD = gnu11;
				GCC_NO_COMMON_BLOCKS = YES;
				GCC_WARN_64_TO_32_BIT_CONVERSION = YES;
				GCC_WARN_ABOUT_RETURN_TYPE = YES_ERROR;
				GCC_WARN_UNDECLARED_SELECTOR = YES;
				GCC_WARN_UNINITIALIZED_AUTOS = YES_AGGRESSIVE;
				GCC_WARN_UNUSED_FUNCTION = YES;
				GCC_WARN_UNUSED_VARIABLE = YES;
				IPHONEOS_DEPLOYMENT_TARGET = 14.0;
				MTL_ENABLE_DEBUG_INFO = NO;
				MTL_FAST_MATH = YES;
				SDKROOT = iphoneos;
				SWIFT_COMPILATION_MODE = wholemodule;
				SWIFT_OPTIMIZATION_LEVEL = "-O";
				VALIDATE_PRODUCT = YES;
			};
			name = Release;
		};
		627BE2F724E24CCE006F979C /* Debug */ = {
			isa = XCBuildConfiguration;
			buildSettings = {
				ASSETCATALOG_COMPILER_APPICON_NAME = AppIcon;
				CODE_SIGN_ENTITLEMENTS = Audio2Tag/Audio2Tag.entitlements;
				CODE_SIGN_STYLE = Automatic;
				DEVELOPMENT_ASSET_PATHS = "\"Audio2Tag/Preview Content\"";
				DEVELOPMENT_TEAM = 5Q488G86T2;
				ENABLE_PREVIEWS = YES;
				INFOPLIST_FILE = Audio2Tag/Info.plist;
				IPHONEOS_DEPLOYMENT_TARGET = 14.0;
				"IPHONEOS_DEPLOYMENT_TARGET[sdk=macosx*]" = 13.5;
				LD_RUNPATH_SEARCH_PATHS = (
					"$(inherited)",
					"@executable_path/Frameworks",
				);
				PRODUCT_BUNDLE_IDENTIFIER = com.aoikazto.Audio2Tag;
				PRODUCT_NAME = "$(TARGET_NAME)";
				SUPPORTS_MACCATALYST = YES;
				SWIFT_VERSION = 5.0;
				TARGETED_DEVICE_FAMILY = "1,2";
			};
			name = Debug;
		};
		627BE2F824E24CCE006F979C /* Release */ = {
			isa = XCBuildConfiguration;
			buildSettings = {
				ASSETCATALOG_COMPILER_APPICON_NAME = AppIcon;
				CODE_SIGN_ENTITLEMENTS = Audio2Tag/Audio2Tag.entitlements;
				CODE_SIGN_STYLE = Automatic;
				DEVELOPMENT_ASSET_PATHS = "\"Audio2Tag/Preview Content\"";
				DEVELOPMENT_TEAM = 5Q488G86T2;
				ENABLE_PREVIEWS = YES;
				INFOPLIST_FILE = Audio2Tag/Info.plist;
				IPHONEOS_DEPLOYMENT_TARGET = 14.0;
				"IPHONEOS_DEPLOYMENT_TARGET[sdk=macosx*]" = 13.5;
				LD_RUNPATH_SEARCH_PATHS = (
					"$(inherited)",
					"@executable_path/Frameworks",
				);
				PRODUCT_BUNDLE_IDENTIFIER = com.aoikazto.Audio2Tag;
				PRODUCT_NAME = "$(TARGET_NAME)";
				SUPPORTS_MACCATALYST = YES;
				SWIFT_VERSION = 5.0;
				TARGETED_DEVICE_FAMILY = "1,2";
			};
			name = Release;
		};
		627BE2FA24E24CCE006F979C /* Debug */ = {
			isa = XCBuildConfiguration;
			buildSettings = {
				ALWAYS_EMBED_SWIFT_STANDARD_LIBRARIES = YES;
				BUNDLE_LOADER = "$(TEST_HOST)";
				CODE_SIGN_STYLE = Automatic;
				DEVELOPMENT_TEAM = 5Q488G86T2;
				INFOPLIST_FILE = Audio2TagTests/Info.plist;
				IPHONEOS_DEPLOYMENT_TARGET = 13.6;
				LD_RUNPATH_SEARCH_PATHS = (
					"$(inherited)",
					"@executable_path/Frameworks",
					"@loader_path/Frameworks",
				);
				PRODUCT_BUNDLE_IDENTIFIER = com.aoikazto.Audio2TagTests;
				PRODUCT_NAME = "$(TARGET_NAME)";
				SWIFT_VERSION = 5.0;
				TARGETED_DEVICE_FAMILY = "1,2";
				TEST_HOST = "$(BUILT_PRODUCTS_DIR)/Audio2Tag.app/Audio2Tag";
			};
			name = Debug;
		};
		627BE2FB24E24CCE006F979C /* Release */ = {
			isa = XCBuildConfiguration;
			buildSettings = {
				ALWAYS_EMBED_SWIFT_STANDARD_LIBRARIES = YES;
				BUNDLE_LOADER = "$(TEST_HOST)";
				CODE_SIGN_STYLE = Automatic;
				DEVELOPMENT_TEAM = 5Q488G86T2;
				INFOPLIST_FILE = Audio2TagTests/Info.plist;
				IPHONEOS_DEPLOYMENT_TARGET = 13.6;
				LD_RUNPATH_SEARCH_PATHS = (
					"$(inherited)",
					"@executable_path/Frameworks",
					"@loader_path/Frameworks",
				);
				PRODUCT_BUNDLE_IDENTIFIER = com.aoikazto.Audio2TagTests;
				PRODUCT_NAME = "$(TARGET_NAME)";
				SWIFT_VERSION = 5.0;
				TARGETED_DEVICE_FAMILY = "1,2";
				TEST_HOST = "$(BUILT_PRODUCTS_DIR)/Audio2Tag.app/Audio2Tag";
			};
			name = Release;
		};
		627BE2FD24E24CCE006F979C /* Debug */ = {
			isa = XCBuildConfiguration;
			buildSettings = {
				ALWAYS_EMBED_SWIFT_STANDARD_LIBRARIES = YES;
				CODE_SIGN_STYLE = Automatic;
				DEVELOPMENT_TEAM = 5Q488G86T2;
				INFOPLIST_FILE = Audio2TagUITests/Info.plist;
				LD_RUNPATH_SEARCH_PATHS = (
					"$(inherited)",
					"@executable_path/Frameworks",
					"@loader_path/Frameworks",
				);
				PRODUCT_BUNDLE_IDENTIFIER = com.aoikazto.Audio2TagUITests;
				PRODUCT_NAME = "$(TARGET_NAME)";
				SWIFT_VERSION = 5.0;
				TARGETED_DEVICE_FAMILY = "1,2";
				TEST_TARGET_NAME = Audio2Tag;
			};
			name = Debug;
		};
		627BE2FE24E24CCE006F979C /* Release */ = {
			isa = XCBuildConfiguration;
			buildSettings = {
				ALWAYS_EMBED_SWIFT_STANDARD_LIBRARIES = YES;
				CODE_SIGN_STYLE = Automatic;
				DEVELOPMENT_TEAM = 5Q488G86T2;
				INFOPLIST_FILE = Audio2TagUITests/Info.plist;
				LD_RUNPATH_SEARCH_PATHS = (
					"$(inherited)",
					"@executable_path/Frameworks",
					"@loader_path/Frameworks",
				);
				PRODUCT_BUNDLE_IDENTIFIER = com.aoikazto.Audio2TagUITests;
				PRODUCT_NAME = "$(TARGET_NAME)";
				SWIFT_VERSION = 5.0;
				TARGETED_DEVICE_FAMILY = "1,2";
				TEST_TARGET_NAME = Audio2Tag;
			};
			name = Release;
		};
/* End XCBuildConfiguration section */

/* Begin XCConfigurationList section */
		627BE2C724E24CCD006F979C /* Build configuration list for PBXProject "Audio2Tag" */ = {
			isa = XCConfigurationList;
			buildConfigurations = (
				627BE2F424E24CCE006F979C /* Debug */,
				627BE2F524E24CCE006F979C /* Release */,
			);
			defaultConfigurationIsVisible = 0;
			defaultConfigurationName = Release;
		};
		627BE2F624E24CCE006F979C /* Build configuration list for PBXNativeTarget "Audio2Tag" */ = {
			isa = XCConfigurationList;
			buildConfigurations = (
				627BE2F724E24CCE006F979C /* Debug */,
				627BE2F824E24CCE006F979C /* Release */,
			);
			defaultConfigurationIsVisible = 0;
			defaultConfigurationName = Release;
		};
		627BE2F924E24CCE006F979C /* Build configuration list for PBXNativeTarget "Audio2TagTests" */ = {
			isa = XCConfigurationList;
			buildConfigurations = (
				627BE2FA24E24CCE006F979C /* Debug */,
				627BE2FB24E24CCE006F979C /* Release */,
			);
			defaultConfigurationIsVisible = 0;
			defaultConfigurationName = Release;
		};
		627BE2FC24E24CCE006F979C /* Build configuration list for PBXNativeTarget "Audio2TagUITests" */ = {
			isa = XCConfigurationList;
			buildConfigurations = (
				627BE2FD24E24CCE006F979C /* Debug */,
				627BE2FE24E24CCE006F979C /* Release */,
			);
			defaultConfigurationIsVisible = 0;
			defaultConfigurationName = Release;
		};
/* End XCConfigurationList section */

/* Begin XCRemoteSwiftPackageReference section */
		627BE33024E24E4A006F979C /* XCRemoteSwiftPackageReference "SwiftCueSheet" */ = {
			isa = XCRemoteSwiftPackageReference;
			repositoryURL = "https://github.com/Piorosen/SwiftCueSheet";
			requirement = {
				kind = upToNextMajorVersion;
				minimumVersion = 1.2.0;
			};
		};
/* End XCRemoteSwiftPackageReference section */

/* Begin XCSwiftPackageProductDependency section */
		627BE33124E24E4A006F979C /* SwiftCueSheet */ = {
			isa = XCSwiftPackageProductDependency;
			package = 627BE33024E24E4A006F979C /* XCRemoteSwiftPackageReference "SwiftCueSheet" */;
			productName = SwiftCueSheet;
		};
/* End XCSwiftPackageProductDependency section */
	};
	rootObject = 627BE2C424E24CCD006F979C /* Project object */;
}
