// !$*UTF8*$!
{
	archiveVersion = 1;
	classes = {
	};
	objectVersion = 52;
	objects = {

/* Begin PBXBuildFile section */
		6226913B25358FC4003040C4 /* AddButton.swift in Sources */ = {isa = PBXBuildFile; fileRef = 6226913A25358FC4003040C4 /* AddButton.swift */; };
		6256BAC22535549300C497AD /* Audio2TagApp.swift in Sources */ = {isa = PBXBuildFile; fileRef = 6256BAC12535549300C497AD /* Audio2TagApp.swift */; };
		6256BAC62535549400C497AD /* Assets.xcassets in Resources */ = {isa = PBXBuildFile; fileRef = 6256BAC52535549400C497AD /* Assets.xcassets */; };
		6256BAC92535549400C497AD /* Preview Assets.xcassets in Resources */ = {isa = PBXBuildFile; fileRef = 6256BAC82535549400C497AD /* Preview Assets.xcassets */; };
		6256BAD42535549400C497AD /* Audio2TagTests.swift in Sources */ = {isa = PBXBuildFile; fileRef = 6256BAD32535549400C497AD /* Audio2TagTests.swift */; };
		6256BADF2535549400C497AD /* Audio2TagUITests.swift in Sources */ = {isa = PBXBuildFile; fileRef = 6256BADE2535549400C497AD /* Audio2TagUITests.swift */; };
		6256BB4C2535550400C497AD /* SettingView.swift in Sources */ = {isa = PBXBuildFile; fileRef = 6256BAF72535550400C497AD /* SettingView.swift */; };
		6256BB4D2535550400C497AD /* AVAudioSpliter.swift in Sources */ = {isa = PBXBuildFile; fileRef = 6256BAFA2535550400C497AD /* AVAudioSpliter.swift */; };
		6256BB4E2535550400C497AD /* CueViewModel.swift in Sources */ = {isa = PBXBuildFile; fileRef = 6256BAFC2535550400C497AD /* CueViewModel.swift */; };
		6256BB4F2535550400C497AD /* SplitMusicModel.swift in Sources */ = {isa = PBXBuildFile; fileRef = 6256BAFE2535550400C497AD /* SplitMusicModel.swift */; };
		6256BB512535550400C497AD /* CueSplitView.swift in Sources */ = {isa = PBXBuildFile; fileRef = 6256BB002535550400C497AD /* CueSplitView.swift */; };
		6256BB522535550400C497AD /* CueSplitCellView.swift in Sources */ = {isa = PBXBuildFile; fileRef = 6256BB022535550400C497AD /* CueSplitCellView.swift */; };
		6256BB532535550400C497AD /* CueSheetListView.swift in Sources */ = {isa = PBXBuildFile; fileRef = 6256BB062535550400C497AD /* CueSheetListView.swift */; };
		6256BB542535550400C497AD /* CueSheetListViewModel.swift in Sources */ = {isa = PBXBuildFile; fileRef = 6256BB072535550400C497AD /* CueSheetListViewModel.swift */; };
		6256BB552535550400C497AD /* CueDetailTrackViewModel.swift in Sources */ = {isa = PBXBuildFile; fileRef = 6256BB0A2535550400C497AD /* CueDetailTrackViewModel.swift */; };
		6256BB562535550400C497AD /* CueDetailTrackView+Extension.swift in Sources */ = {isa = PBXBuildFile; fileRef = 6256BB0B2535550400C497AD /* CueDetailTrackView+Extension.swift */; };
		6256BB572535550400C497AD /* CueDetailTrackRemCell.swift in Sources */ = {isa = PBXBuildFile; fileRef = 6256BB0D2535550400C497AD /* CueDetailTrackRemCell.swift */; };
		6256BB582535550400C497AD /* CueDetailTrackTimeCell.swift in Sources */ = {isa = PBXBuildFile; fileRef = 6256BB0E2535550400C497AD /* CueDetailTrackTimeCell.swift */; };
		6256BB592535550400C497AD /* CueDetailTrackDescriptionCell.swift in Sources */ = {isa = PBXBuildFile; fileRef = 6256BB0F2535550400C497AD /* CueDetailTrackDescriptionCell.swift */; };
		6256BB5A2535550400C497AD /* CueDetailTrackView.swift in Sources */ = {isa = PBXBuildFile; fileRef = 6256BB102535550400C497AD /* CueDetailTrackView.swift */; };
		6256BB5B2535550400C497AD /* CueSheetNavigationBarTrailling.swift in Sources */ = {isa = PBXBuildFile; fileRef = 6256BB122535550400C497AD /* CueSheetNavigationBarTrailling.swift */; };
		6256BB5C2535550400C497AD /* CueSheetNavigationBarLeading.swift in Sources */ = {isa = PBXBuildFile; fileRef = 6256BB132535550400C497AD /* CueSheetNavigationBarLeading.swift */; };
		6256BB5D2535550400C497AD /* CueSheetView.swift in Sources */ = {isa = PBXBuildFile; fileRef = 6256BB152535550400C497AD /* CueSheetView.swift */; };
		6256BB5E2535550400C497AD /* CueSheetViewModel.swift in Sources */ = {isa = PBXBuildFile; fileRef = 6256BB162535550400C497AD /* CueSheetViewModel.swift */; };
		6256BB602535550400C497AD /* CueMainModel.swift in Sources */ = {isa = PBXBuildFile; fileRef = 6256BB182535550400C497AD /* CueMainModel.swift */; };
		6256BB612535550400C497AD /* CueView.swift in Sources */ = {isa = PBXBuildFile; fileRef = 6256BB192535550400C497AD /* CueView.swift */; };
		6256BB642535550500C497AD /* cue.png in Resources */ = {isa = PBXBuildFile; fileRef = 6256BB1D2535550400C497AD /* cue.png */; };
		6256BB672535550500C497AD /* FileView.swift in Sources */ = {isa = PBXBuildFile; fileRef = 6256BB222535550400C497AD /* FileView.swift */; };
		6256BB682535550500C497AD /* SearchView.swift in Sources */ = {isa = PBXBuildFile; fileRef = 6256BB242535550400C497AD /* SearchView.swift */; };
		6256BB692535550500C497AD /* ActivityIndicator.swift in Sources */ = {isa = PBXBuildFile; fileRef = 6256BB252535550400C497AD /* ActivityIndicator.swift */; };
		6256BB6A2535550500C497AD /* ImagePicker.swift in Sources */ = {isa = PBXBuildFile; fileRef = 6256BB262535550400C497AD /* ImagePicker.swift */; };
		6256BB6E2535550500C497AD /* DocumentPicker.swift in Sources */ = {isa = PBXBuildFile; fileRef = 6256BB2C2535550400C497AD /* DocumentPicker.swift */; };
		6256BB6F2535550500C497AD /* ContentView.swift in Sources */ = {isa = PBXBuildFile; fileRef = 6256BB2D2535550400C497AD /* ContentView.swift */; };
		6256BB702535550500C497AD /* TagModel.swift in Sources */ = {isa = PBXBuildFile; fileRef = 6256BB302535550400C497AD /* TagModel.swift */; };
		6256BB722535550500C497AD /* TagNavigationTraillingView.swift in Sources */ = {isa = PBXBuildFile; fileRef = 6256BB332535550400C497AD /* TagNavigationTraillingView.swift */; };
		6256BB732535550500C497AD /* TagListCellView.swift in Sources */ = {isa = PBXBuildFile; fileRef = 6256BB352535550400C497AD /* TagListCellView.swift */; };
		6256BB742535550500C497AD /* TagListView.swift in Sources */ = {isa = PBXBuildFile; fileRef = 6256BB362535550400C497AD /* TagListView.swift */; };
		6256BB752535550500C497AD /* TagSearchTrackView.swift in Sources */ = {isa = PBXBuildFile; fileRef = 6256BB392535550400C497AD /* TagSearchTrackView.swift */; };
		6256BB762535550500C497AD /* TagSearchTrackViewModel.swift in Sources */ = {isa = PBXBuildFile; fileRef = 6256BB3A2535550400C497AD /* TagSearchTrackViewModel.swift */; };
		6256BB772535550500C497AD /* TagSearchViewModel.swift in Sources */ = {isa = PBXBuildFile; fileRef = 6256BB3C2535550400C497AD /* TagSearchViewModel.swift */; };
		6256BB782535550500C497AD /* TagSearchView.swift in Sources */ = {isa = PBXBuildFile; fileRef = 6256BB3D2535550400C497AD /* TagSearchView.swift */; };
		6256BB792535550500C497AD /* Keyboard+Extension.swift in Sources */ = {isa = PBXBuildFile; fileRef = 6256BB3E2535550400C497AD /* Keyboard+Extension.swift */; };
		6256BB7A2535550500C497AD /* TagFileDetailView.swift in Sources */ = {isa = PBXBuildFile; fileRef = 6256BB402535550400C497AD /* TagFileDetailView.swift */; };
		6256BB7B2535550500C497AD /* TagFileDetailViewModel.swift in Sources */ = {isa = PBXBuildFile; fileRef = 6256BB412535550400C497AD /* TagFileDetailViewModel.swift */; };
		6256BB7C2535550500C497AD /* TagFileDetailListImageCell.swift in Sources */ = {isa = PBXBuildFile; fileRef = 6256BB442535550400C497AD /* TagFileDetailListImageCell.swift */; };
		6256BB7D2535550500C497AD /* TagFileDetailListTextCell.swift in Sources */ = {isa = PBXBuildFile; fileRef = 6256BB452535550400C497AD /* TagFileDetailListTextCell.swift */; };
		6256BB7E2535550500C497AD /* TagFileDetailListView.swift in Sources */ = {isa = PBXBuildFile; fileRef = 6256BB462535550400C497AD /* TagFileDetailListView.swift */; };
		6256BB7F2535550500C497AD /* TagFileDetailCustomAlertView.swift in Sources */ = {isa = PBXBuildFile; fileRef = 6256BB482535550400C497AD /* TagFileDetailCustomAlertView.swift */; };
		6256BB802535550500C497AD /* TagFileDetailEditCustomAlertView.swift in Sources */ = {isa = PBXBuildFile; fileRef = 6256BB492535550400C497AD /* TagFileDetailEditCustomAlertView.swift */; };
		6256BB812535550500C497AD /* TagView.swift in Sources */ = {isa = PBXBuildFile; fileRef = 6256BB4A2535550400C497AD /* TagView.swift */; };
		6256BB822535550500C497AD /* TagViewModel.swift in Sources */ = {isa = PBXBuildFile; fileRef = 6256BB4B2535550400C497AD /* TagViewModel.swift */; };
		6256BB882535589800C497AD /* SwiftCueSheet in Frameworks */ = {isa = PBXBuildFile; productRef = 6256BB872535589800C497AD /* SwiftCueSheet */; };
		6256BB8E253558A000C497AD /* ID3TagEditor in Frameworks */ = {isa = PBXBuildFile; productRef = 6256BB8D253558A000C497AD /* ID3TagEditor */; };
		6256BB94253558D200C497AD /* SwiftVgmdb in Frameworks */ = {isa = PBXBuildFile; productRef = 6256BB93253558D200C497AD /* SwiftVgmdb */; };
		628B40D92536A4E000439485 /* CueAudio.swift in Sources */ = {isa = PBXBuildFile; fileRef = 628B40D82536A4E000439485 /* CueAudio.swift */; };
		62F2CB58253AEE99007984FA /* CustomAlertView.swift in Sources */ = {isa = PBXBuildFile; fileRef = 62F2CB57253AEE99007984FA /* CustomAlertView.swift */; };
/* End PBXBuildFile section */

/* Begin PBXContainerItemProxy section */
		6256BAD02535549400C497AD /* PBXContainerItemProxy */ = {
			isa = PBXContainerItemProxy;
			containerPortal = 6256BAB62535549300C497AD /* Project object */;
			proxyType = 1;
			remoteGlobalIDString = 6256BABD2535549300C497AD;
			remoteInfo = Audio2Tag;
		};
		6256BADB2535549400C497AD /* PBXContainerItemProxy */ = {
			isa = PBXContainerItemProxy;
			containerPortal = 6256BAB62535549300C497AD /* Project object */;
			proxyType = 1;
			remoteGlobalIDString = 6256BABD2535549300C497AD;
			remoteInfo = Audio2Tag;
		};
/* End PBXContainerItemProxy section */

/* Begin PBXFileReference section */
		6226913A25358FC4003040C4 /* AddButton.swift */ = {isa = PBXFileReference; lastKnownFileType = sourcecode.swift; path = AddButton.swift; sourceTree = "<group>"; };
		6256BABE2535549300C497AD /* Audio2Tag.app */ = {isa = PBXFileReference; explicitFileType = wrapper.application; includeInIndex = 0; path = Audio2Tag.app; sourceTree = BUILT_PRODUCTS_DIR; };
		6256BAC12535549300C497AD /* Audio2TagApp.swift */ = {isa = PBXFileReference; lastKnownFileType = sourcecode.swift; path = Audio2TagApp.swift; sourceTree = "<group>"; };
		6256BAC52535549400C497AD /* Assets.xcassets */ = {isa = PBXFileReference; lastKnownFileType = folder.assetcatalog; path = Assets.xcassets; sourceTree = "<group>"; };
		6256BAC82535549400C497AD /* Preview Assets.xcassets */ = {isa = PBXFileReference; lastKnownFileType = folder.assetcatalog; path = "Preview Assets.xcassets"; sourceTree = "<group>"; };
		6256BACA2535549400C497AD /* Info.plist */ = {isa = PBXFileReference; lastKnownFileType = text.plist.xml; path = Info.plist; sourceTree = "<group>"; };
		6256BACF2535549400C497AD /* Audio2TagTests.xctest */ = {isa = PBXFileReference; explicitFileType = wrapper.cfbundle; includeInIndex = 0; path = Audio2TagTests.xctest; sourceTree = BUILT_PRODUCTS_DIR; };
		6256BAD32535549400C497AD /* Audio2TagTests.swift */ = {isa = PBXFileReference; lastKnownFileType = sourcecode.swift; path = Audio2TagTests.swift; sourceTree = "<group>"; };
		6256BAD52535549400C497AD /* Info.plist */ = {isa = PBXFileReference; lastKnownFileType = text.plist.xml; path = Info.plist; sourceTree = "<group>"; };
		6256BADA2535549400C497AD /* Audio2TagUITests.xctest */ = {isa = PBXFileReference; explicitFileType = wrapper.cfbundle; includeInIndex = 0; path = Audio2TagUITests.xctest; sourceTree = BUILT_PRODUCTS_DIR; };
		6256BADE2535549400C497AD /* Audio2TagUITests.swift */ = {isa = PBXFileReference; lastKnownFileType = sourcecode.swift; path = Audio2TagUITests.swift; sourceTree = "<group>"; };
		6256BAE02535549400C497AD /* Info.plist */ = {isa = PBXFileReference; lastKnownFileType = text.plist.xml; path = Info.plist; sourceTree = "<group>"; };
		6256BAF72535550400C497AD /* SettingView.swift */ = {isa = PBXFileReference; fileEncoding = 4; lastKnownFileType = sourcecode.swift; path = SettingView.swift; sourceTree = "<group>"; };
		6256BAFA2535550400C497AD /* AVAudioSpliter.swift */ = {isa = PBXFileReference; fileEncoding = 4; lastKnownFileType = sourcecode.swift; path = AVAudioSpliter.swift; sourceTree = "<group>"; };
		6256BAFC2535550400C497AD /* CueViewModel.swift */ = {isa = PBXFileReference; fileEncoding = 4; lastKnownFileType = sourcecode.swift; path = CueViewModel.swift; sourceTree = "<group>"; };
		6256BAFE2535550400C497AD /* SplitMusicModel.swift */ = {isa = PBXFileReference; fileEncoding = 4; lastKnownFileType = sourcecode.swift; path = SplitMusicModel.swift; sourceTree = "<group>"; };
		6256BB002535550400C497AD /* CueSplitView.swift */ = {isa = PBXFileReference; fileEncoding = 4; lastKnownFileType = sourcecode.swift; path = CueSplitView.swift; sourceTree = "<group>"; };
		6256BB022535550400C497AD /* CueSplitCellView.swift */ = {isa = PBXFileReference; fileEncoding = 4; lastKnownFileType = sourcecode.swift; path = CueSplitCellView.swift; sourceTree = "<group>"; };
		6256BB062535550400C497AD /* CueSheetListView.swift */ = {isa = PBXFileReference; fileEncoding = 4; lastKnownFileType = sourcecode.swift; path = CueSheetListView.swift; sourceTree = "<group>"; };
		6256BB072535550400C497AD /* CueSheetListViewModel.swift */ = {isa = PBXFileReference; fileEncoding = 4; lastKnownFileType = sourcecode.swift; path = CueSheetListViewModel.swift; sourceTree = "<group>"; };
		6256BB0A2535550400C497AD /* CueDetailTrackViewModel.swift */ = {isa = PBXFileReference; fileEncoding = 4; lastKnownFileType = sourcecode.swift; path = CueDetailTrackViewModel.swift; sourceTree = "<group>"; };
		6256BB0B2535550400C497AD /* CueDetailTrackView+Extension.swift */ = {isa = PBXFileReference; fileEncoding = 4; lastKnownFileType = sourcecode.swift; path = "CueDetailTrackView+Extension.swift"; sourceTree = "<group>"; };
		6256BB0D2535550400C497AD /* CueDetailTrackRemCell.swift */ = {isa = PBXFileReference; fileEncoding = 4; lastKnownFileType = sourcecode.swift; path = CueDetailTrackRemCell.swift; sourceTree = "<group>"; };
		6256BB0E2535550400C497AD /* CueDetailTrackTimeCell.swift */ = {isa = PBXFileReference; fileEncoding = 4; lastKnownFileType = sourcecode.swift; path = CueDetailTrackTimeCell.swift; sourceTree = "<group>"; };
		6256BB0F2535550400C497AD /* CueDetailTrackDescriptionCell.swift */ = {isa = PBXFileReference; fileEncoding = 4; lastKnownFileType = sourcecode.swift; path = CueDetailTrackDescriptionCell.swift; sourceTree = "<group>"; };
		6256BB102535550400C497AD /* CueDetailTrackView.swift */ = {isa = PBXFileReference; fileEncoding = 4; lastKnownFileType = sourcecode.swift; path = CueDetailTrackView.swift; sourceTree = "<group>"; };
		6256BB122535550400C497AD /* CueSheetNavigationBarTrailling.swift */ = {isa = PBXFileReference; fileEncoding = 4; lastKnownFileType = sourcecode.swift; path = CueSheetNavigationBarTrailling.swift; sourceTree = "<group>"; };
		6256BB132535550400C497AD /* CueSheetNavigationBarLeading.swift */ = {isa = PBXFileReference; fileEncoding = 4; lastKnownFileType = sourcecode.swift; path = CueSheetNavigationBarLeading.swift; sourceTree = "<group>"; };
		6256BB152535550400C497AD /* CueSheetView.swift */ = {isa = PBXFileReference; fileEncoding = 4; lastKnownFileType = sourcecode.swift; path = CueSheetView.swift; sourceTree = "<group>"; };
		6256BB162535550400C497AD /* CueSheetViewModel.swift */ = {isa = PBXFileReference; fileEncoding = 4; lastKnownFileType = sourcecode.swift; path = CueSheetViewModel.swift; sourceTree = "<group>"; };
		6256BB182535550400C497AD /* CueMainModel.swift */ = {isa = PBXFileReference; fileEncoding = 4; lastKnownFileType = sourcecode.swift; path = CueMainModel.swift; sourceTree = "<group>"; };
		6256BB192535550400C497AD /* CueView.swift */ = {isa = PBXFileReference; fileEncoding = 4; lastKnownFileType = sourcecode.swift; path = CueView.swift; sourceTree = "<group>"; };
		6256BB1D2535550400C497AD /* cue.png */ = {isa = PBXFileReference; lastKnownFileType = image.png; path = cue.png; sourceTree = "<group>"; };
		6256BB222535550400C497AD /* FileView.swift */ = {isa = PBXFileReference; fileEncoding = 4; lastKnownFileType = sourcecode.swift; path = FileView.swift; sourceTree = "<group>"; };
		6256BB242535550400C497AD /* SearchView.swift */ = {isa = PBXFileReference; fileEncoding = 4; lastKnownFileType = sourcecode.swift; path = SearchView.swift; sourceTree = "<group>"; };
		6256BB252535550400C497AD /* ActivityIndicator.swift */ = {isa = PBXFileReference; fileEncoding = 4; lastKnownFileType = sourcecode.swift; path = ActivityIndicator.swift; sourceTree = "<group>"; };
		6256BB262535550400C497AD /* ImagePicker.swift */ = {isa = PBXFileReference; fileEncoding = 4; lastKnownFileType = sourcecode.swift; path = ImagePicker.swift; sourceTree = "<group>"; };
		6256BB2C2535550400C497AD /* DocumentPicker.swift */ = {isa = PBXFileReference; fileEncoding = 4; lastKnownFileType = sourcecode.swift; path = DocumentPicker.swift; sourceTree = "<group>"; };
		6256BB2D2535550400C497AD /* ContentView.swift */ = {isa = PBXFileReference; fileEncoding = 4; lastKnownFileType = sourcecode.swift; path = ContentView.swift; sourceTree = "<group>"; };
		6256BB302535550400C497AD /* TagModel.swift */ = {isa = PBXFileReference; fileEncoding = 4; lastKnownFileType = sourcecode.swift; path = TagModel.swift; sourceTree = "<group>"; };
		6256BB332535550400C497AD /* TagNavigationTraillingView.swift */ = {isa = PBXFileReference; fileEncoding = 4; lastKnownFileType = sourcecode.swift; path = TagNavigationTraillingView.swift; sourceTree = "<group>"; };
		6256BB352535550400C497AD /* TagListCellView.swift */ = {isa = PBXFileReference; fileEncoding = 4; lastKnownFileType = sourcecode.swift; path = TagListCellView.swift; sourceTree = "<group>"; };
		6256BB362535550400C497AD /* TagListView.swift */ = {isa = PBXFileReference; fileEncoding = 4; lastKnownFileType = sourcecode.swift; path = TagListView.swift; sourceTree = "<group>"; };
		6256BB392535550400C497AD /* TagSearchTrackView.swift */ = {isa = PBXFileReference; fileEncoding = 4; lastKnownFileType = sourcecode.swift; path = TagSearchTrackView.swift; sourceTree = "<group>"; };
		6256BB3A2535550400C497AD /* TagSearchTrackViewModel.swift */ = {isa = PBXFileReference; fileEncoding = 4; lastKnownFileType = sourcecode.swift; path = TagSearchTrackViewModel.swift; sourceTree = "<group>"; };
		6256BB3C2535550400C497AD /* TagSearchViewModel.swift */ = {isa = PBXFileReference; fileEncoding = 4; lastKnownFileType = sourcecode.swift; path = TagSearchViewModel.swift; sourceTree = "<group>"; };
		6256BB3D2535550400C497AD /* TagSearchView.swift */ = {isa = PBXFileReference; fileEncoding = 4; lastKnownFileType = sourcecode.swift; path = TagSearchView.swift; sourceTree = "<group>"; };
		6256BB3E2535550400C497AD /* Keyboard+Extension.swift */ = {isa = PBXFileReference; fileEncoding = 4; lastKnownFileType = sourcecode.swift; path = "Keyboard+Extension.swift"; sourceTree = "<group>"; };
		6256BB402535550400C497AD /* TagFileDetailView.swift */ = {isa = PBXFileReference; fileEncoding = 4; lastKnownFileType = sourcecode.swift; path = TagFileDetailView.swift; sourceTree = "<group>"; };
		6256BB412535550400C497AD /* TagFileDetailViewModel.swift */ = {isa = PBXFileReference; fileEncoding = 4; lastKnownFileType = sourcecode.swift; path = TagFileDetailViewModel.swift; sourceTree = "<group>"; };
		6256BB442535550400C497AD /* TagFileDetailListImageCell.swift */ = {isa = PBXFileReference; fileEncoding = 4; lastKnownFileType = sourcecode.swift; path = TagFileDetailListImageCell.swift; sourceTree = "<group>"; };
		6256BB452535550400C497AD /* TagFileDetailListTextCell.swift */ = {isa = PBXFileReference; fileEncoding = 4; lastKnownFileType = sourcecode.swift; path = TagFileDetailListTextCell.swift; sourceTree = "<group>"; };
		6256BB462535550400C497AD /* TagFileDetailListView.swift */ = {isa = PBXFileReference; fileEncoding = 4; lastKnownFileType = sourcecode.swift; path = TagFileDetailListView.swift; sourceTree = "<group>"; };
		6256BB482535550400C497AD /* TagFileDetailCustomAlertView.swift */ = {isa = PBXFileReference; fileEncoding = 4; lastKnownFileType = sourcecode.swift; path = TagFileDetailCustomAlertView.swift; sourceTree = "<group>"; };
		6256BB492535550400C497AD /* TagFileDetailEditCustomAlertView.swift */ = {isa = PBXFileReference; fileEncoding = 4; lastKnownFileType = sourcecode.swift; path = TagFileDetailEditCustomAlertView.swift; sourceTree = "<group>"; };
		6256BB4A2535550400C497AD /* TagView.swift */ = {isa = PBXFileReference; fileEncoding = 4; lastKnownFileType = sourcecode.swift; path = TagView.swift; sourceTree = "<group>"; };
		6256BB4B2535550400C497AD /* TagViewModel.swift */ = {isa = PBXFileReference; fileEncoding = 4; lastKnownFileType = sourcecode.swift; path = TagViewModel.swift; sourceTree = "<group>"; };
		628B40D82536A4E000439485 /* CueAudio.swift */ = {isa = PBXFileReference; lastKnownFileType = sourcecode.swift; path = CueAudio.swift; sourceTree = "<group>"; };
		62B57838253581AF00839A92 /* Audio2Tag.entitlements */ = {isa = PBXFileReference; lastKnownFileType = text.plist.entitlements; path = Audio2Tag.entitlements; sourceTree = "<group>"; };
		62F2CB57253AEE99007984FA /* CustomAlertView.swift */ = {isa = PBXFileReference; lastKnownFileType = sourcecode.swift; path = CustomAlertView.swift; sourceTree = "<group>"; };
/* End PBXFileReference section */

/* Begin PBXFrameworksBuildPhase section */
		6256BABB2535549300C497AD /* Frameworks */ = {
			isa = PBXFrameworksBuildPhase;
			buildActionMask = 2147483647;
			files = (
				6256BB94253558D200C497AD /* SwiftVgmdb in Frameworks */,
				6256BB882535589800C497AD /* SwiftCueSheet in Frameworks */,
				6256BB8E253558A000C497AD /* ID3TagEditor in Frameworks */,
			);
			runOnlyForDeploymentPostprocessing = 0;
		};
		6256BACC2535549400C497AD /* Frameworks */ = {
			isa = PBXFrameworksBuildPhase;
			buildActionMask = 2147483647;
			files = (
			);
			runOnlyForDeploymentPostprocessing = 0;
		};
		6256BAD72535549400C497AD /* Frameworks */ = {
			isa = PBXFrameworksBuildPhase;
			buildActionMask = 2147483647;
			files = (
			);
			runOnlyForDeploymentPostprocessing = 0;
		};
/* End PBXFrameworksBuildPhase section */

/* Begin PBXGroup section */
		6226914225358FD3003040C4 /* Extension */ = {
			isa = PBXGroup;
			children = (
				6226913A25358FC4003040C4 /* AddButton.swift */,
			);
			path = Extension;
			sourceTree = "<group>";
		};
		624594DD25359DB7006964A1 /* Cell */ = {
			isa = PBXGroup;
			children = (
				6256BB0F2535550400C497AD /* CueDetailTrackDescriptionCell.swift */,
				6256BB0D2535550400C497AD /* CueDetailTrackRemCell.swift */,
				6256BB0E2535550400C497AD /* CueDetailTrackTimeCell.swift */,
			);
			path = Cell;
			sourceTree = "<group>";
		};
		6256BAB52535549300C497AD = {
			isa = PBXGroup;
			children = (
				6256BAC02535549300C497AD /* Audio2Tag */,
				6256BAD22535549400C497AD /* Audio2TagTests */,
				6256BADD2535549400C497AD /* Audio2TagUITests */,
				6256BABF2535549300C497AD /* Products */,
			);
			sourceTree = "<group>";
		};
		6256BABF2535549300C497AD /* Products */ = {
			isa = PBXGroup;
			children = (
				6256BABE2535549300C497AD /* Audio2Tag.app */,
				6256BACF2535549400C497AD /* Audio2TagTests.xctest */,
				6256BADA2535549400C497AD /* Audio2TagUITests.xctest */,
			);
			name = Products;
			sourceTree = "<group>";
		};
		6256BAC02535549300C497AD /* Audio2Tag */ = {
			isa = PBXGroup;
			children = (
				62B57838253581AF00839A92 /* Audio2Tag.entitlements */,
				6256BB1A2535550400C497AD /* Resources */,
				6256BB2D2535550400C497AD /* ContentView.swift */,
				6256BAF82535550400C497AD /* Cue */,
				6256BB202535550400C497AD /* File */,
				6256BAF52535550400C497AD /* Setting */,
				6256BB2E2535550400C497AD /* Tag */,
				6256BB232535550400C497AD /* UI Library */,
				6256BAC12535549300C497AD /* Audio2TagApp.swift */,
				6256BAC52535549400C497AD /* Assets.xcassets */,
				6256BACA2535549400C497AD /* Info.plist */,
				6256BAC72535549400C497AD /* Preview Content */,
			);
			path = Audio2Tag;
			sourceTree = "<group>";
		};
		6256BAC72535549400C497AD /* Preview Content */ = {
			isa = PBXGroup;
			children = (
				6256BAC82535549400C497AD /* Preview Assets.xcassets */,
			);
			path = "Preview Content";
			sourceTree = "<group>";
		};
		6256BAD22535549400C497AD /* Audio2TagTests */ = {
			isa = PBXGroup;
			children = (
				6256BAD32535549400C497AD /* Audio2TagTests.swift */,
				6256BAD52535549400C497AD /* Info.plist */,
			);
			path = Audio2TagTests;
			sourceTree = "<group>";
		};
		6256BADD2535549400C497AD /* Audio2TagUITests */ = {
			isa = PBXGroup;
			children = (
				6256BADE2535549400C497AD /* Audio2TagUITests.swift */,
				6256BAE02535549400C497AD /* Info.plist */,
			);
			path = Audio2TagUITests;
			sourceTree = "<group>";
		};
		6256BAF52535550400C497AD /* Setting */ = {
			isa = PBXGroup;
			children = (
				6256BAF62535550400C497AD /* View */,
			);
			path = Setting;
			sourceTree = "<group>";
		};
		6256BAF62535550400C497AD /* View */ = {
			isa = PBXGroup;
			children = (
				6256BAF72535550400C497AD /* SettingView.swift */,
			);
			path = View;
			sourceTree = "<group>";
		};
		6256BAF82535550400C497AD /* Cue */ = {
			isa = PBXGroup;
			children = (
				6256BB9A25357B8D00C497AD /* ViewModel */,
				6256BB9925357B8900C497AD /* Model */,
				6256BB9825357B8600C497AD /* View */,
				6256BAF92535550400C497AD /* Library */,
			);
			path = Cue;
			sourceTree = "<group>";
		};
		6256BAF92535550400C497AD /* Library */ = {
			isa = PBXGroup;
			children = (
				6256BAFA2535550400C497AD /* AVAudioSpliter.swift */,
			);
			path = Library;
			sourceTree = "<group>";
		};
		6256BB1A2535550400C497AD /* Resources */ = {
			isa = PBXGroup;
			children = (
				6256BB1D2535550400C497AD /* cue.png */,
			);
			path = Resources;
			sourceTree = "<group>";
		};
		6256BB202535550400C497AD /* File */ = {
			isa = PBXGroup;
			children = (
				6256BB212535550400C497AD /* View */,
			);
			path = File;
			sourceTree = "<group>";
		};
		6256BB212535550400C497AD /* View */ = {
			isa = PBXGroup;
			children = (
				6256BB222535550400C497AD /* FileView.swift */,
			);
			path = View;
			sourceTree = "<group>";
		};
		6256BB232535550400C497AD /* UI Library */ = {
			isa = PBXGroup;
			children = (
				62F2CB57253AEE99007984FA /* CustomAlertView.swift */,
				6256BB242535550400C497AD /* SearchView.swift */,
				6256BB252535550400C497AD /* ActivityIndicator.swift */,
				6256BB262535550400C497AD /* ImagePicker.swift */,
				6256BB2C2535550400C497AD /* DocumentPicker.swift */,
			);
			path = "UI Library";
			sourceTree = "<group>";
		};
		6256BB2E2535550400C497AD /* Tag */ = {
			isa = PBXGroup;
			children = (
				62E7C2B125386D8B0097F4C5 /* ViewModel */,
				62E7C2B025386D870097F4C5 /* Model */,
				62E7C2AF25386D820097F4C5 /* View */,
				6256BB2F2535550400C497AD /* Library */,
			);
			path = Tag;
			sourceTree = "<group>";
		};
		6256BB2F2535550400C497AD /* Library */ = {
			isa = PBXGroup;
			children = (
				6256BB3E2535550400C497AD /* Keyboard+Extension.swift */,
			);
			path = Library;
			sourceTree = "<group>";
		};
		6256BB432535550400C497AD /* Cell */ = {
			isa = PBXGroup;
			children = (
				6256BB442535550400C497AD /* TagFileDetailListImageCell.swift */,
				6256BB452535550400C497AD /* TagFileDetailListTextCell.swift */,
			);
			path = Cell;
			sourceTree = "<group>";
		};
		6256BB472535550400C497AD /* Sheet */ = {
			isa = PBXGroup;
			children = (
				6256BB482535550400C497AD /* TagFileDetailCustomAlertView.swift */,
				6256BB492535550400C497AD /* TagFileDetailEditCustomAlertView.swift */,
			);
			path = Sheet;
			sourceTree = "<group>";
		};
		6256BB9825357B8600C497AD /* View */ = {
			isa = PBXGroup;
			children = (
				6226914225358FD3003040C4 /* Extension */,
				6256BB192535550400C497AD /* CueView.swift */,
				6256BBCF25357F3000C497AD /* CueSheet */,
				6256BBD325357F3B00C497AD /* CueSplit */,
				6256BB122535550400C497AD /* CueSheetNavigationBarTrailling.swift */,
				6256BB132535550400C497AD /* CueSheetNavigationBarLeading.swift */,
			);
			path = View;
			sourceTree = "<group>";
		};
		6256BB9925357B8900C497AD /* Model */ = {
			isa = PBXGroup;
			children = (
				6256BB182535550400C497AD /* CueMainModel.swift */,
				628B40D82536A4E000439485 /* CueAudio.swift */,
				6256BAFE2535550400C497AD /* SplitMusicModel.swift */,
			);
			path = Model;
			sourceTree = "<group>";
		};
		6256BB9A25357B8D00C497AD /* ViewModel */ = {
			isa = PBXGroup;
			children = (
				6256BAFC2535550400C497AD /* CueViewModel.swift */,
				6256BB072535550400C497AD /* CueSheetListViewModel.swift */,
				6256BB0A2535550400C497AD /* CueDetailTrackViewModel.swift */,
				6256BB0B2535550400C497AD /* CueDetailTrackView+Extension.swift */,
				6256BB162535550400C497AD /* CueSheetViewModel.swift */,
			);
			path = ViewModel;
			sourceTree = "<group>";
		};
		6256BBCF25357F3000C497AD /* CueSheet */ = {
			isa = PBXGroup;
			children = (
				6256BB152535550400C497AD /* CueSheetView.swift */,
				6256BB062535550400C497AD /* CueSheetListView.swift */,
				62B578542535867300839A92 /* Detail */,
			);
			path = CueSheet;
			sourceTree = "<group>";
		};
		6256BBD325357F3B00C497AD /* CueSplit */ = {
			isa = PBXGroup;
			children = (
				6256BB002535550400C497AD /* CueSplitView.swift */,
				6256BB022535550400C497AD /* CueSplitCellView.swift */,
			);
			path = CueSplit;
			sourceTree = "<group>";
		};
		62B578542535867300839A92 /* Detail */ = {
			isa = PBXGroup;
			children = (
				624594DD25359DB7006964A1 /* Cell */,
				6256BB102535550400C497AD /* CueDetailTrackView.swift */,
			);
			path = Detail;
			sourceTree = "<group>";
		};
		62E7C2AF25386D820097F4C5 /* View */ = {
			isa = PBXGroup;
			children = (
				62E7C2B725386E940097F4C5 /* List */,
				62E7C2B225386E0A0097F4C5 /* Search */,
				6256BB4A2535550400C497AD /* TagView.swift */,
				6256BB332535550400C497AD /* TagNavigationTraillingView.swift */,
			);
			path = View;
			sourceTree = "<group>";
		};
		62E7C2B025386D870097F4C5 /* Model */ = {
			isa = PBXGroup;
			children = (
				6256BB302535550400C497AD /* TagModel.swift */,
			);
			path = Model;
			sourceTree = "<group>";
		};
		62E7C2B125386D8B0097F4C5 /* ViewModel */ = {
			isa = PBXGroup;
			children = (
				6256BB4B2535550400C497AD /* TagViewModel.swift */,
				6256BB3A2535550400C497AD /* TagSearchTrackViewModel.swift */,
				6256BB3C2535550400C497AD /* TagSearchViewModel.swift */,
				6256BB412535550400C497AD /* TagFileDetailViewModel.swift */,
			);
			path = ViewModel;
			sourceTree = "<group>";
		};
		62E7C2B225386E0A0097F4C5 /* Search */ = {
			isa = PBXGroup;
			children = (
				6256BB392535550400C497AD /* TagSearchTrackView.swift */,
				6256BB3D2535550400C497AD /* TagSearchView.swift */,
			);
			path = Search;
			sourceTree = "<group>";
		};
		62E7C2B725386E940097F4C5 /* List */ = {
			isa = PBXGroup;
			children = (
				6256BB362535550400C497AD /* TagListView.swift */,
				6256BB352535550400C497AD /* TagListCellView.swift */,
				62E7C2B825386EA40097F4C5 /* Cell */,
			);
			path = List;
			sourceTree = "<group>";
		};
		62E7C2B825386EA40097F4C5 /* Cell */ = {
			isa = PBXGroup;
			children = (
				6256BB402535550400C497AD /* TagFileDetailView.swift */,
				6256BB462535550400C497AD /* TagFileDetailListView.swift */,
				6256BB472535550400C497AD /* Sheet */,
				6256BB432535550400C497AD /* Cell */,
			);
			path = Cell;
			sourceTree = "<group>";
		};
/* End PBXGroup section */

/* Begin PBXNativeTarget section */
		6256BABD2535549300C497AD /* Audio2Tag */ = {
			isa = PBXNativeTarget;
			buildConfigurationList = 6256BAE32535549400C497AD /* Build configuration list for PBXNativeTarget "Audio2Tag" */;
			buildPhases = (
				6256BABA2535549300C497AD /* Sources */,
				6256BABB2535549300C497AD /* Frameworks */,
				6256BABC2535549300C497AD /* Resources */,
			);
			buildRules = (
			);
			dependencies = (
			);
			name = Audio2Tag;
			packageProductDependencies = (
				6256BB872535589800C497AD /* SwiftCueSheet */,
				6256BB8D253558A000C497AD /* ID3TagEditor */,
				6256BB93253558D200C497AD /* SwiftVgmdb */,
			);
			productName = Audio2Tag;
			productReference = 6256BABE2535549300C497AD /* Audio2Tag.app */;
			productType = "com.apple.product-type.application";
		};
		6256BACE2535549400C497AD /* Audio2TagTests */ = {
			isa = PBXNativeTarget;
			buildConfigurationList = 6256BAE62535549400C497AD /* Build configuration list for PBXNativeTarget "Audio2TagTests" */;
			buildPhases = (
				6256BACB2535549400C497AD /* Sources */,
				6256BACC2535549400C497AD /* Frameworks */,
				6256BACD2535549400C497AD /* Resources */,
			);
			buildRules = (
			);
			dependencies = (
				6256BAD12535549400C497AD /* PBXTargetDependency */,
			);
			name = Audio2TagTests;
			productName = Audio2TagTests;
			productReference = 6256BACF2535549400C497AD /* Audio2TagTests.xctest */;
			productType = "com.apple.product-type.bundle.unit-test";
		};
		6256BAD92535549400C497AD /* Audio2TagUITests */ = {
			isa = PBXNativeTarget;
			buildConfigurationList = 6256BAE92535549400C497AD /* Build configuration list for PBXNativeTarget "Audio2TagUITests" */;
			buildPhases = (
				6256BAD62535549400C497AD /* Sources */,
				6256BAD72535549400C497AD /* Frameworks */,
				6256BAD82535549400C497AD /* Resources */,
			);
			buildRules = (
			);
			dependencies = (
				6256BADC2535549400C497AD /* PBXTargetDependency */,
			);
			name = Audio2TagUITests;
			productName = Audio2TagUITests;
			productReference = 6256BADA2535549400C497AD /* Audio2TagUITests.xctest */;
			productType = "com.apple.product-type.bundle.ui-testing";
		};
/* End PBXNativeTarget section */

/* Begin PBXProject section */
		6256BAB62535549300C497AD /* Project object */ = {
			isa = PBXProject;
			attributes = {
				LastSwiftUpdateCheck = 1200;
				LastUpgradeCheck = 1200;
				TargetAttributes = {
					6256BABD2535549300C497AD = {
						CreatedOnToolsVersion = 12.0.1;
					};
					6256BACE2535549400C497AD = {
						CreatedOnToolsVersion = 12.0.1;
						TestTargetID = 6256BABD2535549300C497AD;
					};
					6256BAD92535549400C497AD = {
						CreatedOnToolsVersion = 12.0.1;
						TestTargetID = 6256BABD2535549300C497AD;
					};
				};
			};
			buildConfigurationList = 6256BAB92535549300C497AD /* Build configuration list for PBXProject "Audio2Tag" */;
			compatibilityVersion = "Xcode 9.3";
			developmentRegion = en;
			hasScannedForEncodings = 0;
			knownRegions = (
				en,
				Base,
			);
			mainGroup = 6256BAB52535549300C497AD;
			packageReferences = (
				6256BB862535589800C497AD /* XCRemoteSwiftPackageReference "SwiftCueSheet" */,
				6256BB8C253558A000C497AD /* XCRemoteSwiftPackageReference "ID3TagEditor" */,
				6256BB92253558D200C497AD /* XCRemoteSwiftPackageReference "SwiftVgmdb" */,
			);
			productRefGroup = 6256BABF2535549300C497AD /* Products */;
			projectDirPath = "";
			projectRoot = "";
			targets = (
				6256BABD2535549300C497AD /* Audio2Tag */,
				6256BACE2535549400C497AD /* Audio2TagTests */,
				6256BAD92535549400C497AD /* Audio2TagUITests */,
			);
		};
/* End PBXProject section */

/* Begin PBXResourcesBuildPhase section */
		6256BABC2535549300C497AD /* Resources */ = {
			isa = PBXResourcesBuildPhase;
			buildActionMask = 2147483647;
			files = (
				6256BB642535550500C497AD /* cue.png in Resources */,
				6256BAC92535549400C497AD /* Preview Assets.xcassets in Resources */,
				6256BAC62535549400C497AD /* Assets.xcassets in Resources */,
			);
			runOnlyForDeploymentPostprocessing = 0;
		};
		6256BACD2535549400C497AD /* Resources */ = {
			isa = PBXResourcesBuildPhase;
			buildActionMask = 2147483647;
			files = (
			);
			runOnlyForDeploymentPostprocessing = 0;
		};
		6256BAD82535549400C497AD /* Resources */ = {
			isa = PBXResourcesBuildPhase;
			buildActionMask = 2147483647;
			files = (
			);
			runOnlyForDeploymentPostprocessing = 0;
		};
/* End PBXResourcesBuildPhase section */

/* Begin PBXSourcesBuildPhase section */
		6256BABA2535549300C497AD /* Sources */ = {
			isa = PBXSourcesBuildPhase;
			buildActionMask = 2147483647;
			files = (
				6256BB5E2535550400C497AD /* CueSheetViewModel.swift in Sources */,
				6256BB772535550500C497AD /* TagSearchViewModel.swift in Sources */,
				6256BAC22535549300C497AD /* Audio2TagApp.swift in Sources */,
				6256BB6F2535550500C497AD /* ContentView.swift in Sources */,
				6256BB762535550500C497AD /* TagSearchTrackViewModel.swift in Sources */,
				6256BB512535550400C497AD /* CueSplitView.swift in Sources */,
				6256BB7E2535550500C497AD /* TagFileDetailListView.swift in Sources */,
				6256BB6A2535550500C497AD /* ImagePicker.swift in Sources */,
				6256BB5B2535550400C497AD /* CueSheetNavigationBarTrailling.swift in Sources */,
				6256BB732535550500C497AD /* TagListCellView.swift in Sources */,
				62F2CB58253AEE99007984FA /* CustomAlertView.swift in Sources */,
				6256BB692535550500C497AD /* ActivityIndicator.swift in Sources */,
				6256BB782535550500C497AD /* TagSearchView.swift in Sources */,
				6256BB6E2535550500C497AD /* DocumentPicker.swift in Sources */,
				6256BB4F2535550400C497AD /* SplitMusicModel.swift in Sources */,
				6226913B25358FC4003040C4 /* AddButton.swift in Sources */,
				6256BB612535550400C497AD /* CueView.swift in Sources */,
				6256BB752535550500C497AD /* TagSearchTrackView.swift in Sources */,
				6256BB7F2535550500C497AD /* TagFileDetailCustomAlertView.swift in Sources */,
				6256BB5A2535550400C497AD /* CueDetailTrackView.swift in Sources */,
				6256BB702535550500C497AD /* TagModel.swift in Sources */,
				6256BB532535550400C497AD /* CueSheetListView.swift in Sources */,
				6256BB572535550400C497AD /* CueDetailTrackRemCell.swift in Sources */,
				6256BB4C2535550400C497AD /* SettingView.swift in Sources */,
				6256BB7A2535550500C497AD /* TagFileDetailView.swift in Sources */,
				6256BB792535550500C497AD /* Keyboard+Extension.swift in Sources */,
				6256BB522535550400C497AD /* CueSplitCellView.swift in Sources */,
				6256BB7D2535550500C497AD /* TagFileDetailListTextCell.swift in Sources */,
				6256BB742535550500C497AD /* TagListView.swift in Sources */,
				6256BB672535550500C497AD /* FileView.swift in Sources */,
				6256BB812535550500C497AD /* TagView.swift in Sources */,
				6256BB582535550400C497AD /* CueDetailTrackTimeCell.swift in Sources */,
				628B40D92536A4E000439485 /* CueAudio.swift in Sources */,
				6256BB802535550500C497AD /* TagFileDetailEditCustomAlertView.swift in Sources */,
				6256BB4D2535550400C497AD /* AVAudioSpliter.swift in Sources */,
				6256BB7C2535550500C497AD /* TagFileDetailListImageCell.swift in Sources */,
				6256BB682535550500C497AD /* SearchView.swift in Sources */,
				6256BB822535550500C497AD /* TagViewModel.swift in Sources */,
				6256BB552535550400C497AD /* CueDetailTrackViewModel.swift in Sources */,
				6256BB5D2535550400C497AD /* CueSheetView.swift in Sources */,
				6256BB4E2535550400C497AD /* CueViewModel.swift in Sources */,
				6256BB722535550500C497AD /* TagNavigationTraillingView.swift in Sources */,
				6256BB562535550400C497AD /* CueDetailTrackView+Extension.swift in Sources */,
				6256BB7B2535550500C497AD /* TagFileDetailViewModel.swift in Sources */,
				6256BB5C2535550400C497AD /* CueSheetNavigationBarLeading.swift in Sources */,
				6256BB592535550400C497AD /* CueDetailTrackDescriptionCell.swift in Sources */,
				6256BB542535550400C497AD /* CueSheetListViewModel.swift in Sources */,
				6256BB602535550400C497AD /* CueMainModel.swift in Sources */,
			);
			runOnlyForDeploymentPostprocessing = 0;
		};
		6256BACB2535549400C497AD /* Sources */ = {
			isa = PBXSourcesBuildPhase;
			buildActionMask = 2147483647;
			files = (
				6256BAD42535549400C497AD /* Audio2TagTests.swift in Sources */,
			);
			runOnlyForDeploymentPostprocessing = 0;
		};
		6256BAD62535549400C497AD /* Sources */ = {
			isa = PBXSourcesBuildPhase;
			buildActionMask = 2147483647;
			files = (
				6256BADF2535549400C497AD /* Audio2TagUITests.swift in Sources */,
			);
			runOnlyForDeploymentPostprocessing = 0;
		};
/* End PBXSourcesBuildPhase section */

/* Begin PBXTargetDependency section */
		6256BAD12535549400C497AD /* PBXTargetDependency */ = {
			isa = PBXTargetDependency;
			target = 6256BABD2535549300C497AD /* Audio2Tag */;
			targetProxy = 6256BAD02535549400C497AD /* PBXContainerItemProxy */;
		};
		6256BADC2535549400C497AD /* PBXTargetDependency */ = {
			isa = PBXTargetDependency;
			target = 6256BABD2535549300C497AD /* Audio2Tag */;
			targetProxy = 6256BADB2535549400C497AD /* PBXContainerItemProxy */;
		};
/* End PBXTargetDependency section */

/* Begin XCBuildConfiguration section */
		6256BAE12535549400C497AD /* Debug */ = {
			isa = XCBuildConfiguration;
			buildSettings = {
				ALWAYS_SEARCH_USER_PATHS = NO;
				CLANG_ANALYZER_NONNULL = YES;
				CLANG_ANALYZER_NUMBER_OBJECT_CONVERSION = YES_AGGRESSIVE;
				CLANG_CXX_LANGUAGE_STANDARD = "gnu++14";
				CLANG_CXX_LIBRARY = "libc++";
				CLANG_ENABLE_MODULES = YES;
				CLANG_ENABLE_OBJC_ARC = YES;
				CLANG_ENABLE_OBJC_WEAK = YES;
				CLANG_WARN_BLOCK_CAPTURE_AUTORELEASING = YES;
				CLANG_WARN_BOOL_CONVERSION = YES;
				CLANG_WARN_COMMA = YES;
				CLANG_WARN_CONSTANT_CONVERSION = YES;
				CLANG_WARN_DEPRECATED_OBJC_IMPLEMENTATIONS = YES;
				CLANG_WARN_DIRECT_OBJC_ISA_USAGE = YES_ERROR;
				CLANG_WARN_DOCUMENTATION_COMMENTS = YES;
				CLANG_WARN_EMPTY_BODY = YES;
				CLANG_WARN_ENUM_CONVERSION = YES;
				CLANG_WARN_INFINITE_RECURSION = YES;
				CLANG_WARN_INT_CONVERSION = YES;
				CLANG_WARN_NON_LITERAL_NULL_CONVERSION = YES;
				CLANG_WARN_OBJC_IMPLICIT_RETAIN_SELF = YES;
				CLANG_WARN_OBJC_LITERAL_CONVERSION = YES;
				CLANG_WARN_OBJC_ROOT_CLASS = YES_ERROR;
				CLANG_WARN_QUOTED_INCLUDE_IN_FRAMEWORK_HEADER = YES;
				CLANG_WARN_RANGE_LOOP_ANALYSIS = YES;
				CLANG_WARN_STRICT_PROTOTYPES = YES;
				CLANG_WARN_SUSPICIOUS_MOVE = YES;
				CLANG_WARN_UNGUARDED_AVAILABILITY = YES_AGGRESSIVE;
				CLANG_WARN_UNREACHABLE_CODE = YES;
				CLANG_WARN__DUPLICATE_METHOD_MATCH = YES;
				COPY_PHASE_STRIP = NO;
				DEBUG_INFORMATION_FORMAT = dwarf;
				ENABLE_STRICT_OBJC_MSGSEND = YES;
				ENABLE_TESTABILITY = YES;
				GCC_C_LANGUAGE_STANDARD = gnu11;
				GCC_DYNAMIC_NO_PIC = NO;
				GCC_NO_COMMON_BLOCKS = YES;
				GCC_OPTIMIZATION_LEVEL = 0;
				GCC_PREPROCESSOR_DEFINITIONS = (
					"DEBUG=1",
					"$(inherited)",
				);
				GCC_WARN_64_TO_32_BIT_CONVERSION = YES;
				GCC_WARN_ABOUT_RETURN_TYPE = YES_ERROR;
				GCC_WARN_UNDECLARED_SELECTOR = YES;
				GCC_WARN_UNINITIALIZED_AUTOS = YES_AGGRESSIVE;
				GCC_WARN_UNUSED_FUNCTION = YES;
				GCC_WARN_UNUSED_VARIABLE = YES;
				IPHONEOS_DEPLOYMENT_TARGET = 14.2;
				MTL_ENABLE_DEBUG_INFO = INCLUDE_SOURCE;
				MTL_FAST_MATH = YES;
				ONLY_ACTIVE_ARCH = YES;
				SDKROOT = iphoneos;
				SWIFT_ACTIVE_COMPILATION_CONDITIONS = DEBUG;
				SWIFT_OPTIMIZATION_LEVEL = "-Onone";
			};
			name = Debug;
		};
		6256BAE22535549400C497AD /* Release */ = {
			isa = XCBuildConfiguration;
			buildSettings = {
				ALWAYS_SEARCH_USER_PATHS = NO;
				CLANG_ANALYZER_NONNULL = YES;
				CLANG_ANALYZER_NUMBER_OBJECT_CONVERSION = YES_AGGRESSIVE;
				CLANG_CXX_LANGUAGE_STANDARD = "gnu++14";
				CLANG_CXX_LIBRARY = "libc++";
				CLANG_ENABLE_MODULES = YES;
				CLANG_ENABLE_OBJC_ARC = YES;
				CLANG_ENABLE_OBJC_WEAK = YES;
				CLANG_WARN_BLOCK_CAPTURE_AUTORELEASING = YES;
				CLANG_WARN_BOOL_CONVERSION = YES;
				CLANG_WARN_COMMA = YES;
				CLANG_WARN_CONSTANT_CONVERSION = YES;
				CLANG_WARN_DEPRECATED_OBJC_IMPLEMENTATIONS = YES;
				CLANG_WARN_DIRECT_OBJC_ISA_USAGE = YES_ERROR;
				CLANG_WARN_DOCUMENTATION_COMMENTS = YES;
				CLANG_WARN_EMPTY_BODY = YES;
				CLANG_WARN_ENUM_CONVERSION = YES;
				CLANG_WARN_INFINITE_RECURSION = YES;
				CLANG_WARN_INT_CONVERSION = YES;
				CLANG_WARN_NON_LITERAL_NULL_CONVERSION = YES;
				CLANG_WARN_OBJC_IMPLICIT_RETAIN_SELF = YES;
				CLANG_WARN_OBJC_LITERAL_CONVERSION = YES;
				CLANG_WARN_OBJC_ROOT_CLASS = YES_ERROR;
				CLANG_WARN_QUOTED_INCLUDE_IN_FRAMEWORK_HEADER = YES;
				CLANG_WARN_RANGE_LOOP_ANALYSIS = YES;
				CLANG_WARN_STRICT_PROTOTYPES = YES;
				CLANG_WARN_SUSPICIOUS_MOVE = YES;
				CLANG_WARN_UNGUARDED_AVAILABILITY = YES_AGGRESSIVE;
				CLANG_WARN_UNREACHABLE_CODE = YES;
				CLANG_WARN__DUPLICATE_METHOD_MATCH = YES;
				COPY_PHASE_STRIP = NO;
				DEBUG_INFORMATION_FORMAT = "dwarf-with-dsym";
				ENABLE_NS_ASSERTIONS = NO;
				ENABLE_STRICT_OBJC_MSGSEND = YES;
				GCC_C_LANGUAGE_STANDARD = gnu11;
				GCC_NO_COMMON_BLOCKS = YES;
				GCC_WARN_64_TO_32_BIT_CONVERSION = YES;
				GCC_WARN_ABOUT_RETURN_TYPE = YES_ERROR;
				GCC_WARN_UNDECLARED_SELECTOR = YES;
				GCC_WARN_UNINITIALIZED_AUTOS = YES_AGGRESSIVE;
				GCC_WARN_UNUSED_FUNCTION = YES;
				GCC_WARN_UNUSED_VARIABLE = YES;
				IPHONEOS_DEPLOYMENT_TARGET = 14.2;
				MTL_ENABLE_DEBUG_INFO = NO;
				MTL_FAST_MATH = YES;
				SDKROOT = iphoneos;
				SWIFT_COMPILATION_MODE = wholemodule;
				SWIFT_OPTIMIZATION_LEVEL = "-O";
				VALIDATE_PRODUCT = YES;
			};
			name = Release;
		};
		6256BAE42535549400C497AD /* Debug */ = {
			isa = XCBuildConfiguration;
			buildSettings = {
				ASSETCATALOG_COMPILER_APPICON_NAME = AppIcon;
				ASSETCATALOG_COMPILER_GLOBAL_ACCENT_COLOR_NAME = AccentColor;
				CODE_SIGN_ENTITLEMENTS = Audio2Tag/Audio2Tag.entitlements;
				CODE_SIGN_STYLE = Automatic;
				DEVELOPMENT_ASSET_PATHS = "\"Audio2Tag/Preview Content\"";
				DEVELOPMENT_TEAM = 5Q488G86T2;
				ENABLE_PREVIEWS = YES;
				INFOPLIST_FILE = Audio2Tag/Info.plist;
				IPHONEOS_DEPLOYMENT_TARGET = 14.2;
				LD_RUNPATH_SEARCH_PATHS = (
					"$(inherited)",
					"@executable_path/Frameworks",
				);
				PRODUCT_BUNDLE_IDENTIFIER = com.aoikazto.Audio2Tag;
				PRODUCT_NAME = "$(TARGET_NAME)";
				SUPPORTS_MACCATALYST = NO;
				SWIFT_VERSION = 5.0;
				TARGETED_DEVICE_FAMILY = "1,2";
			};
			name = Debug;
		};
		6256BAE52535549400C497AD /* Release */ = {
			isa = XCBuildConfiguration;
			buildSettings = {
				ASSETCATALOG_COMPILER_APPICON_NAME = AppIcon;
				ASSETCATALOG_COMPILER_GLOBAL_ACCENT_COLOR_NAME = AccentColor;
				CODE_SIGN_ENTITLEMENTS = Audio2Tag/Audio2Tag.entitlements;
				CODE_SIGN_STYLE = Automatic;
				DEVELOPMENT_ASSET_PATHS = "\"Audio2Tag/Preview Content\"";
				DEVELOPMENT_TEAM = 5Q488G86T2;
				ENABLE_PREVIEWS = YES;
				INFOPLIST_FILE = Audio2Tag/Info.plist;
				IPHONEOS_DEPLOYMENT_TARGET = 14.2;
				LD_RUNPATH_SEARCH_PATHS = (
					"$(inherited)",
					"@executable_path/Frameworks",
				);
				PRODUCT_BUNDLE_IDENTIFIER = com.aoikazto.Audio2Tag;
				PRODUCT_NAME = "$(TARGET_NAME)";
				SUPPORTS_MACCATALYST = NO;
				SWIFT_VERSION = 5.0;
				TARGETED_DEVICE_FAMILY = "1,2";
			};
			name = Release;
		};
		6256BAE72535549400C497AD /* Debug */ = {
			isa = XCBuildConfiguration;
			buildSettings = {
				ALWAYS_EMBED_SWIFT_STANDARD_LIBRARIES = YES;
				BUNDLE_LOADER = "$(TEST_HOST)";
				CODE_SIGN_STYLE = Automatic;
				DEVELOPMENT_TEAM = 5Q488G86T2;
				INFOPLIST_FILE = Audio2TagTests/Info.plist;
				IPHONEOS_DEPLOYMENT_TARGET = 14.0;
				LD_RUNPATH_SEARCH_PATHS = (
					"$(inherited)",
					"@executable_path/Frameworks",
					"@loader_path/Frameworks",
				);
				PRODUCT_BUNDLE_IDENTIFIER = com.aoikazto.Audio2TagTests;
				PRODUCT_NAME = "$(TARGET_NAME)";
				SWIFT_VERSION = 5.0;
				TARGETED_DEVICE_FAMILY = "1,2";
				TEST_HOST = "$(BUILT_PRODUCTS_DIR)/Audio2Tag.app/Audio2Tag";
			};
			name = Debug;
		};
		6256BAE82535549400C497AD /* Release */ = {
			isa = XCBuildConfiguration;
			buildSettings = {
				ALWAYS_EMBED_SWIFT_STANDARD_LIBRARIES = YES;
				BUNDLE_LOADER = "$(TEST_HOST)";
				CODE_SIGN_STYLE = Automatic;
				DEVELOPMENT_TEAM = 5Q488G86T2;
				INFOPLIST_FILE = Audio2TagTests/Info.plist;
				IPHONEOS_DEPLOYMENT_TARGET = 14.0;
				LD_RUNPATH_SEARCH_PATHS = (
					"$(inherited)",
					"@executable_path/Frameworks",
					"@loader_path/Frameworks",
				);
				PRODUCT_BUNDLE_IDENTIFIER = com.aoikazto.Audio2TagTests;
				PRODUCT_NAME = "$(TARGET_NAME)";
				SWIFT_VERSION = 5.0;
				TARGETED_DEVICE_FAMILY = "1,2";
				TEST_HOST = "$(BUILT_PRODUCTS_DIR)/Audio2Tag.app/Audio2Tag";
			};
			name = Release;
		};
		6256BAEA2535549400C497AD /* Debug */ = {
			isa = XCBuildConfiguration;
			buildSettings = {
				ALWAYS_EMBED_SWIFT_STANDARD_LIBRARIES = YES;
				CODE_SIGN_STYLE = Automatic;
				DEVELOPMENT_TEAM = 5Q488G86T2;
				INFOPLIST_FILE = Audio2TagUITests/Info.plist;
				LD_RUNPATH_SEARCH_PATHS = (
					"$(inherited)",
					"@executable_path/Frameworks",
					"@loader_path/Frameworks",
				);
				PRODUCT_BUNDLE_IDENTIFIER = com.aoikazto.Audio2TagUITests;
				PRODUCT_NAME = "$(TARGET_NAME)";
				SWIFT_VERSION = 5.0;
				TARGETED_DEVICE_FAMILY = "1,2";
				TEST_TARGET_NAME = Audio2Tag;
			};
			name = Debug;
		};
		6256BAEB2535549400C497AD /* Release */ = {
			isa = XCBuildConfiguration;
			buildSettings = {
				ALWAYS_EMBED_SWIFT_STANDARD_LIBRARIES = YES;
				CODE_SIGN_STYLE = Automatic;
				DEVELOPMENT_TEAM = 5Q488G86T2;
				INFOPLIST_FILE = Audio2TagUITests/Info.plist;
				LD_RUNPATH_SEARCH_PATHS = (
					"$(inherited)",
					"@executable_path/Frameworks",
					"@loader_path/Frameworks",
				);
				PRODUCT_BUNDLE_IDENTIFIER = com.aoikazto.Audio2TagUITests;
				PRODUCT_NAME = "$(TARGET_NAME)";
				SWIFT_VERSION = 5.0;
				TARGETED_DEVICE_FAMILY = "1,2";
				TEST_TARGET_NAME = Audio2Tag;
			};
			name = Release;
		};
/* End XCBuildConfiguration section */

/* Begin XCConfigurationList section */
		6256BAB92535549300C497AD /* Build configuration list for PBXProject "Audio2Tag" */ = {
			isa = XCConfigurationList;
			buildConfigurations = (
				6256BAE12535549400C497AD /* Debug */,
				6256BAE22535549400C497AD /* Release */,
			);
			defaultConfigurationIsVisible = 0;
			defaultConfigurationName = Release;
		};
		6256BAE32535549400C497AD /* Build configuration list for PBXNativeTarget "Audio2Tag" */ = {
			isa = XCConfigurationList;
			buildConfigurations = (
				6256BAE42535549400C497AD /* Debug */,
				6256BAE52535549400C497AD /* Release */,
			);
			defaultConfigurationIsVisible = 0;
			defaultConfigurationName = Release;
		};
		6256BAE62535549400C497AD /* Build configuration list for PBXNativeTarget "Audio2TagTests" */ = {
			isa = XCConfigurationList;
			buildConfigurations = (
				6256BAE72535549400C497AD /* Debug */,
				6256BAE82535549400C497AD /* Release */,
			);
			defaultConfigurationIsVisible = 0;
			defaultConfigurationName = Release;
		};
		6256BAE92535549400C497AD /* Build configuration list for PBXNativeTarget "Audio2TagUITests" */ = {
			isa = XCConfigurationList;
			buildConfigurations = (
				6256BAEA2535549400C497AD /* Debug */,
				6256BAEB2535549400C497AD /* Release */,
			);
			defaultConfigurationIsVisible = 0;
			defaultConfigurationName = Release;
		};
/* End XCConfigurationList section */

/* Begin XCRemoteSwiftPackageReference section */
		6256BB862535589800C497AD /* XCRemoteSwiftPackageReference "SwiftCueSheet" */ = {
			isa = XCRemoteSwiftPackageReference;
			repositoryURL = "https://github.com/Piorosen/SwiftCueSheet";
			requirement = {
				kind = upToNextMajorVersion;
				minimumVersion = 1.2.0;
			};
		};
		6256BB8C253558A000C497AD /* XCRemoteSwiftPackageReference "ID3TagEditor" */ = {
			isa = XCRemoteSwiftPackageReference;
			repositoryURL = "https://github.com/chicio/ID3TagEditor";
			requirement = {
				kind = upToNextMajorVersion;
				minimumVersion = 3.3.3;
			};
		};
		6256BB92253558D200C497AD /* XCRemoteSwiftPackageReference "SwiftVgmdb" */ = {
			isa = XCRemoteSwiftPackageReference;
			repositoryURL = "https://github.com/Piorosen/SwiftVgmdb";
			requirement = {
				kind = upToNextMajorVersion;
				minimumVersion = 1.0.4;
			};
		};
/* End XCRemoteSwiftPackageReference section */

/* Begin XCSwiftPackageProductDependency section */
		6256BB872535589800C497AD /* SwiftCueSheet */ = {
			isa = XCSwiftPackageProductDependency;
			package = 6256BB862535589800C497AD /* XCRemoteSwiftPackageReference "SwiftCueSheet" */;
			productName = SwiftCueSheet;
		};
		6256BB8D253558A000C497AD /* ID3TagEditor */ = {
			isa = XCSwiftPackageProductDependency;
			package = 6256BB8C253558A000C497AD /* XCRemoteSwiftPackageReference "ID3TagEditor" */;
			productName = ID3TagEditor;
		};
		6256BB93253558D200C497AD /* SwiftVgmdb */ = {
			isa = XCSwiftPackageProductDependency;
			package = 6256BB92253558D200C497AD /* XCRemoteSwiftPackageReference "SwiftVgmdb" */;
			productName = SwiftVgmdb;
		};
/* End XCSwiftPackageProductDependency section */
	};
	rootObject = 6256BAB62535549300C497AD /* Project object */;
}
